<?xml version="1.0" encoding="utf-8"?>
<Project ToolsVersion="4.0" xmlns="http://schemas.microsoft.com/developer/msbuild/2003">
  <ItemGroup>
    <Filter Include="Project Items">
      <UniqueIdentifier>{5414d1f9-ea36-49e7-9889-80e52683e767}</UniqueIdentifier>
    </Filter>
    <Filter Include="Headers">
      <UniqueIdentifier>{bbec9cf7-3df8-471b-98d8-c11a09a41f08}</UniqueIdentifier>
    </Filter>
    <Filter Include="Headers\Internal">
      <UniqueIdentifier>{e85d0ad4-6102-4282-a237-b9e6aa5c925c}</UniqueIdentifier>
    </Filter>
    <Filter Include="Headers\FontGenerator">
      <UniqueIdentifier>{75bdb42a-7dac-4d23-8d6a-5ed75cc1bd2a}</UniqueIdentifier>
    </Filter>
    <Filter Include="Headers\Internal\TeamHypersomnia-rectpack2D">
      <UniqueIdentifier>{aa5f07d6-60e1-4122-a2e1-a0525ace5e35}</UniqueIdentifier>
    </Filter>
  </ItemGroup>
  <ItemGroup>
    <None Include="vcpkg.json">
      <Filter>Project Items</Filter>
    </None>
    <None Include=".editorconfig">
      <Filter>Project Items</Filter>
    </None>
  </ItemGroup>
  <ItemGroup>
    <ClInclude Include="xivres\Common.h">
      <Filter>Headers</Filter>
    </ClInclude>
    <ClInclude Include="xivres\Eqdp.h">
      <Filter>Headers</Filter>
    </ClInclude>
    <ClInclude Include="xivres\EqpGmp.h">
      <Filter>Headers</Filter>
    </ClInclude>
    <ClInclude Include="xivres\Est.h">
      <Filter>Headers</Filter>
    </ClInclude>
    <ClInclude Include="xivres\Excel.h">
      <Filter>Headers</Filter>
    </ClInclude>
    <ClInclude Include="xivres\ExcelGenerator.h">
      <Filter>Headers</Filter>
    </ClInclude>
    <ClInclude Include="xivres\ExcelReader.h">
      <Filter>Headers</Filter>
    </ClInclude>
    <ClInclude Include="xivres\Fontdata.h">
      <Filter>Headers</Filter>
    </ClInclude>
    <ClInclude Include="xivres\FontdataStream.h">
      <Filter>Headers</Filter>
    </ClInclude>
    <ClInclude Include="xivres\Imc.h">
      <Filter>Headers</Filter>
    </ClInclude>
    <ClInclude Include="xivres\MipmapStream.h">
      <Filter>Headers</Filter>
    </ClInclude>
    <ClInclude Include="xivres\Model.h">
      <Filter>Headers</Filter>
    </ClInclude>
    <ClInclude Include="xivres\IStream.h">
      <Filter>Headers</Filter>
    </ClInclude>
    <ClInclude Include="xivres\ScdReader.h">
      <Filter>Headers</Filter>
    </ClInclude>
    <ClInclude Include="xivres\ScdWriter.h">
      <Filter>Headers</Filter>
    </ClInclude>
    <ClInclude Include="xivres\SeString.h">
      <Filter>Headers</Filter>
    </ClInclude>
    <ClInclude Include="xivres\Scd.h">
      <Filter>Headers</Filter>
    </ClInclude>
    <ClInclude Include="xivres\Sqpack.h">
      <Filter>Headers</Filter>
    </ClInclude>
    <ClInclude Include="xivres\BinaryPackedFileStream.h">
      <Filter>Headers</Filter>
    </ClInclude>
    <ClInclude Include="xivres\BinaryPackedFileStreamDecoder.h">
      <Filter>Headers</Filter>
    </ClInclude>
    <ClInclude Include="xivres\SqpackGenerator.h">
      <Filter>Headers</Filter>
    </ClInclude>
    <ClInclude Include="xivres\EmptyOrObfuscatedPackedFileStream.h">
      <Filter>Headers</Filter>
    </ClInclude>
    <ClInclude Include="xivres\EmptyOrObfuscatedPackedFileStreamDecoder.h">
      <Filter>Headers</Filter>
    </ClInclude>
    <ClInclude Include="xivres\PackedFileStream.h">
      <Filter>Headers</Filter>
    </ClInclude>
    <ClInclude Include="xivres\PackedFileUnpackingStream.h">
      <Filter>Headers</Filter>
    </ClInclude>
    <ClInclude Include="xivres\HotSwappablePackedFileStream.h">
      <Filter>Headers</Filter>
    </ClInclude>
    <ClInclude Include="xivres\LazyPackedFileStream.h">
      <Filter>Headers</Filter>
    </ClInclude>
    <ClInclude Include="xivres\ModelPackedFileStream.h">
      <Filter>Headers</Filter>
    </ClInclude>
    <ClInclude Include="xivres\ModelPackedFileStreamDecoder.h">
      <Filter>Headers</Filter>
    </ClInclude>
    <ClInclude Include="xivres\StreamAsPackedFileViewStream.h">
      <Filter>Headers</Filter>
    </ClInclude>
    <ClInclude Include="xivres\SqpackReader.h">
      <Filter>Headers</Filter>
    </ClInclude>
    <ClInclude Include="xivres\SqpackStreamDecoder.h">
      <Filter>Headers</Filter>
    </ClInclude>
    <ClInclude Include="xivres\TexturePackedFileStream.h">
      <Filter>Headers</Filter>
    </ClInclude>
    <ClInclude Include="xivres\TexturePackedFileStreamDecoder.h">
      <Filter>Headers</Filter>
    </ClInclude>
    <ClInclude Include="xivres\Texture.h">
      <Filter>Headers</Filter>
    </ClInclude>
    <ClInclude Include="xivres\TextureStream.h">
      <Filter>Headers</Filter>
    </ClInclude>
    <ClInclude Include="xivres\internal\ByteOrder.h">
      <Filter>Headers\Internal</Filter>
    </ClInclude>
    <ClInclude Include="xivres\internal\CallOnDestruction.h">
      <Filter>Headers\Internal</Filter>
    </ClInclude>
    <ClInclude Include="xivres\internal\Dxt.h">
      <Filter>Headers\Internal</Filter>
    </ClInclude>
    <ClInclude Include="xivres\internal\ListenerManager.h">
      <Filter>Headers\Internal</Filter>
    </ClInclude>
    <ClInclude Include="xivres\internal\Misc.h">
      <Filter>Headers\Internal</Filter>
    </ClInclude>
    <ClInclude Include="xivres\internal\TinySha1.h">
      <Filter>Headers\Internal</Filter>
    </ClInclude>
    <ClInclude Include="xivres\internal\SpanCast.h">
      <Filter>Headers\Internal</Filter>
    </ClInclude>
    <ClInclude Include="xivres\internal\String.h">
      <Filter>Headers\Internal</Filter>
    </ClInclude>
    <ClInclude Include="xivres\internal\ZlibWrapper.h">
      <Filter>Headers\Internal</Filter>
    </ClInclude>
    <ClInclude Include="xivres\PixelFormats.h">
      <Filter>Headers</Filter>
    </ClInclude>
    <ClInclude Include="xivres\GameReader.h">
      <Filter>Headers</Filter>
    </ClInclude>
    <ClInclude Include="xivres\internal\TexturePreview.Windows.h">
      <Filter>Headers\Internal</Filter>
    </ClInclude>
    <ClInclude Include="xivres\FontGenerator\IFixedSizeFont.h">
      <Filter>Headers\FontGenerator</Filter>
    </ClInclude>
    <ClInclude Include="xivres\Internal\BitmapCopy.h">
      <Filter>Headers\Internal</Filter>
    </ClInclude>
    <ClInclude Include="xivres\FontGenerator\TextMeasurer.h">
      <Filter>Headers\FontGenerator</Filter>
    </ClInclude>
    <ClInclude Include="xivres\FontGenerator\GameFontdataFixedSizeFont.h">
      <Filter>Headers\FontGenerator</Filter>
    </ClInclude>
    <ClInclude Include="xivres\Internal\TeamHypersomnia-rectpack2D\src\empty_space_allocators.h">
      <Filter>Headers\Internal\TeamHypersomnia-rectpack2D</Filter>
    </ClInclude>
    <ClInclude Include="xivres\Internal\TeamHypersomnia-rectpack2D\src\empty_spaces.h">
      <Filter>Headers\Internal\TeamHypersomnia-rectpack2D</Filter>
    </ClInclude>
    <ClInclude Include="xivres\Internal\TeamHypersomnia-rectpack2D\src\finders_interface.h">
      <Filter>Headers\Internal\TeamHypersomnia-rectpack2D</Filter>
    </ClInclude>
    <ClInclude Include="xivres\Internal\TeamHypersomnia-rectpack2D\src\insert_and_split.h">
      <Filter>Headers\Internal\TeamHypersomnia-rectpack2D</Filter>
    </ClInclude>
    <ClInclude Include="xivres\Internal\TeamHypersomnia-rectpack2D\src\rect_structs.h">
      <Filter>Headers\Internal\TeamHypersomnia-rectpack2D</Filter>
    </ClInclude>
    <ClInclude Include="xivres\Internal\TeamHypersomnia-rectpack2D\src\best_bin_finder.h">
      <Filter>Headers\Internal\TeamHypersomnia-rectpack2D</Filter>
    </ClInclude>
    <ClInclude Include="xivres\FontGenerator\FontdataPacker.h">
      <Filter>Headers\FontGenerator</Filter>
    </ClInclude>
    <ClInclude Include="xivres\FontGenerator\WrappingFixedSizeFont.h">
      <Filter>Headers\FontGenerator</Filter>
    </ClInclude>
    <ClInclude Include="xivres\FontGenerator\MergedFixedSizeFont.h">
      <Filter>Headers\FontGenerator</Filter>
    </ClInclude>
    <ClInclude Include="xivres\Internal\ThreadPool.h">
      <Filter>Headers\Internal</Filter>
    </ClInclude>
    <ClInclude Include="xivres\FontGenerator\FreeTypeFixedSizeFont.h">
      <Filter>Headers\FontGenerator</Filter>
    </ClInclude>
    <ClInclude Include="xivres\Internal\TrueTypeUtils.h">
      <Filter>Headers\Internal</Filter>
    </ClInclude>
    <ClInclude Include="xivres\FontGenerator\DirectWriteFixedSizeFont.h">
      <Filter>Headers\FontGenerator</Filter>
    </ClInclude>
    <ClInclude Include="xivres\Unicode.h">
      <Filter>Headers</Filter>
    </ClInclude>
  </ItemGroup>
</Project>