
Microsoft Visual Studio Solution File, Format Version 12.00
# Visual Studio Version 16
VisualStudioVersion = 16.0.29424.173
MinimumVisualStudioVersion = 10.0.40219.1
Project("{8BC9CEB8-8B4A-11D0-8D11-00A0C91BC942}") = "XivAlexander", "XivAlexander\XivAlexander.vcxproj", "{0EABCDC9-5A49-43AE-9B77-EB3FE9D48804}"
EndProject
Project("{2150E333-8FDC-42A3-9474-1A3956D46DE8}") = "Third Party Projects", "Third Party Projects", "{33FE005D-4140-4DEE-A54A-598A9BB5F1DD}"
EndProject
Project("{8BC9CEB8-8B4A-11D0-8D11-00A0C91BC942}") = "libMinHook", "ThirdParty\projects\libMinHook.vcxproj", "{F142A341-5EE0-442D-A15F-98AE9B48DBAE}"
EndProject
Project("{2150E333-8FDC-42A3-9474-1A3956D46DE8}") = "Project Files", "Project Files", "{B57BC430-0583-472A-9324-75F325582452}"
	ProjectSection(SolutionItems) = preProject
		.gitignore = .gitignore
		README.md = README.md
	EndProjectSection
EndProject
Project("{8BC9CEB8-8B4A-11D0-8D11-00A0C91BC942}") = "Utils", "Utils\Utils.vcxproj", "{58DADDF6-5733-40E0-855C-CC3B4BF235EB}"
EndProject
Project("{2150E333-8FDC-42A3-9474-1A3956D46DE8}") = "Components", "Components", "{23F62DAC-FE34-4A06-9147-E9A262F8EC05}"
EndProject
Project("{8BC9CEB8-8B4A-11D0-8D11-00A0C91BC942}") = "XivAlexanderLoader", "XivAlexanderLoader\XivAlexanderLoader.vcxproj", "{AE08AFB8-15BE-44E2-9705-FE74DB52C953}"
	ProjectSection(ProjectDependencies) = postProject
		{0EABCDC9-5A49-43AE-9B77-EB3FE9D48804} = {0EABCDC9-5A49-43AE-9B77-EB3FE9D48804}
	EndProjectSection
EndProject
Project("{8BC9CEB8-8B4A-11D0-8D11-00A0C91BC942}") = "zlibvc", "ThirdParty\projects\zlibvc.vcxproj", "{8FD826F8-3739-44E6-8CC8-997122E53B8D}"
EndProject
Project("{8BC9CEB8-8B4A-11D0-8D11-00A0C91BC942}") = "SciLexer", "ThirdParty\projects\SciLexer.vcxproj", "{FBE04237-9C7B-4973-9C60-505975998B39}"
EndProject
Global
	GlobalSection(SolutionConfigurationPlatforms) = preSolution
		Debug|x64 = Debug|x64
		Debug|x86 = Debug|x86
		Release|x64 = Release|x64
		Release|x86 = Release|x86
		ReleaseWithoutAsm|x64 = ReleaseWithoutAsm|x64
		ReleaseWithoutAsm|x86 = ReleaseWithoutAsm|x86
	EndGlobalSection
	GlobalSection(ProjectConfigurationPlatforms) = postSolution
		{0EABCDC9-5A49-43AE-9B77-EB3FE9D48804}.Debug|x64.ActiveCfg = Debug|x64
		{0EABCDC9-5A49-43AE-9B77-EB3FE9D48804}.Debug|x64.Build.0 = Debug|x64
		{0EABCDC9-5A49-43AE-9B77-EB3FE9D48804}.Debug|x86.ActiveCfg = Debug|x64
		{0EABCDC9-5A49-43AE-9B77-EB3FE9D48804}.Release|x64.ActiveCfg = Release|x64
		{0EABCDC9-5A49-43AE-9B77-EB3FE9D48804}.Release|x64.Build.0 = Release|x64
		{0EABCDC9-5A49-43AE-9B77-EB3FE9D48804}.Release|x86.ActiveCfg = Release|x64
		{0EABCDC9-5A49-43AE-9B77-EB3FE9D48804}.ReleaseWithoutAsm|x64.ActiveCfg = Release|x64
		{0EABCDC9-5A49-43AE-9B77-EB3FE9D48804}.ReleaseWithoutAsm|x64.Build.0 = Release|x64
		{0EABCDC9-5A49-43AE-9B77-EB3FE9D48804}.ReleaseWithoutAsm|x86.ActiveCfg = Release|x64
		{0EABCDC9-5A49-43AE-9B77-EB3FE9D48804}.ReleaseWithoutAsm|x86.Build.0 = Release|x64
		{F142A341-5EE0-442D-A15F-98AE9B48DBAE}.Debug|x64.ActiveCfg = Debug|x64
		{F142A341-5EE0-442D-A15F-98AE9B48DBAE}.Debug|x64.Build.0 = Debug|x64
		{F142A341-5EE0-442D-A15F-98AE9B48DBAE}.Debug|x86.ActiveCfg = Debug|x64
		{F142A341-5EE0-442D-A15F-98AE9B48DBAE}.Release|x64.ActiveCfg = Release|x64
		{F142A341-5EE0-442D-A15F-98AE9B48DBAE}.Release|x64.Build.0 = Release|x64
		{F142A341-5EE0-442D-A15F-98AE9B48DBAE}.Release|x86.ActiveCfg = Release|x64
		{F142A341-5EE0-442D-A15F-98AE9B48DBAE}.ReleaseWithoutAsm|x64.ActiveCfg = Release|x64
		{F142A341-5EE0-442D-A15F-98AE9B48DBAE}.ReleaseWithoutAsm|x64.Build.0 = Release|x64
		{F142A341-5EE0-442D-A15F-98AE9B48DBAE}.ReleaseWithoutAsm|x86.ActiveCfg = Release|x64
		{F142A341-5EE0-442D-A15F-98AE9B48DBAE}.ReleaseWithoutAsm|x86.Build.0 = Release|x64
		{58DADDF6-5733-40E0-855C-CC3B4BF235EB}.Debug|x64.ActiveCfg = Debug|x64
		{58DADDF6-5733-40E0-855C-CC3B4BF235EB}.Debug|x64.Build.0 = Debug|x64
		{58DADDF6-5733-40E0-855C-CC3B4BF235EB}.Debug|x86.ActiveCfg = Debug|x64
		{58DADDF6-5733-40E0-855C-CC3B4BF235EB}.Release|x64.ActiveCfg = Release|x64
		{58DADDF6-5733-40E0-855C-CC3B4BF235EB}.Release|x64.Build.0 = Release|x64
		{58DADDF6-5733-40E0-855C-CC3B4BF235EB}.Release|x86.ActiveCfg = Release|x64
		{58DADDF6-5733-40E0-855C-CC3B4BF235EB}.ReleaseWithoutAsm|x64.ActiveCfg = Release|x64
		{58DADDF6-5733-40E0-855C-CC3B4BF235EB}.ReleaseWithoutAsm|x64.Build.0 = Release|x64
		{58DADDF6-5733-40E0-855C-CC3B4BF235EB}.ReleaseWithoutAsm|x86.ActiveCfg = Release|x64
		{58DADDF6-5733-40E0-855C-CC3B4BF235EB}.ReleaseWithoutAsm|x86.Build.0 = Release|x64
		{AE08AFB8-15BE-44E2-9705-FE74DB52C953}.Debug|x64.ActiveCfg = Debug|x64
		{AE08AFB8-15BE-44E2-9705-FE74DB52C953}.Debug|x64.Build.0 = Debug|x64
		{AE08AFB8-15BE-44E2-9705-FE74DB52C953}.Debug|x86.ActiveCfg = Debug|x64
		{AE08AFB8-15BE-44E2-9705-FE74DB52C953}.Release|x64.ActiveCfg = Release|x64
		{AE08AFB8-15BE-44E2-9705-FE74DB52C953}.Release|x64.Build.0 = Release|x64
		{AE08AFB8-15BE-44E2-9705-FE74DB52C953}.Release|x86.ActiveCfg = Release|x64
		{AE08AFB8-15BE-44E2-9705-FE74DB52C953}.ReleaseWithoutAsm|x64.ActiveCfg = Release|x64
		{AE08AFB8-15BE-44E2-9705-FE74DB52C953}.ReleaseWithoutAsm|x64.Build.0 = Release|x64
		{AE08AFB8-15BE-44E2-9705-FE74DB52C953}.ReleaseWithoutAsm|x86.ActiveCfg = Release|x64
		{AE08AFB8-15BE-44E2-9705-FE74DB52C953}.ReleaseWithoutAsm|x86.Build.0 = Release|x64
		{8FD826F8-3739-44E6-8CC8-997122E53B8D}.Debug|x64.ActiveCfg = Debug|x64
		{8FD826F8-3739-44E6-8CC8-997122E53B8D}.Debug|x64.Build.0 = Debug|x64
		{8FD826F8-3739-44E6-8CC8-997122E53B8D}.Debug|x86.ActiveCfg = Debug|x64
		{8FD826F8-3739-44E6-8CC8-997122E53B8D}.Release|x64.ActiveCfg = Release|x64
		{8FD826F8-3739-44E6-8CC8-997122E53B8D}.Release|x64.Build.0 = Release|x64
		{8FD826F8-3739-44E6-8CC8-997122E53B8D}.Release|x86.ActiveCfg = Release|x64
		{8FD826F8-3739-44E6-8CC8-997122E53B8D}.ReleaseWithoutAsm|x64.ActiveCfg = ReleaseWithoutAsm|x64
		{8FD826F8-3739-44E6-8CC8-997122E53B8D}.ReleaseWithoutAsm|x64.Build.0 = ReleaseWithoutAsm|x64
		{8FD826F8-3739-44E6-8CC8-997122E53B8D}.ReleaseWithoutAsm|x86.ActiveCfg = ReleaseWithoutAsm|x64
		{FBE04237-9C7B-4973-9C60-505975998B39}.Debug|x64.ActiveCfg = Debug|x64
		{FBE04237-9C7B-4973-9C60-505975998B39}.Debug|x64.Build.0 = Debug|x64
		{FBE04237-9C7B-4973-9C60-505975998B39}.Debug|x86.ActiveCfg = Debug|x64
		{FBE04237-9C7B-4973-9C60-505975998B39}.Release|x64.ActiveCfg = Release|x64
		{FBE04237-9C7B-4973-9C60-505975998B39}.Release|x64.Build.0 = Release|x64
		{FBE04237-9C7B-4973-9C60-505975998B39}.Release|x86.ActiveCfg = Release|x64
		{FBE04237-9C7B-4973-9C60-505975998B39}.ReleaseWithoutAsm|x64.ActiveCfg = Release|x64
		{FBE04237-9C7B-4973-9C60-505975998B39}.ReleaseWithoutAsm|x64.Build.0 = Release|x64
		{FBE04237-9C7B-4973-9C60-505975998B39}.ReleaseWithoutAsm|x86.ActiveCfg = Release|x64
		{FBE04237-9C7B-4973-9C60-505975998B39}.ReleaseWithoutAsm|x86.Build.0 = Release|x64
	EndGlobalSection
	GlobalSection(SolutionProperties) = preSolution
		HideSolutionNode = FALSE
	EndGlobalSection
	GlobalSection(NestedProjects) = preSolution
		{F142A341-5EE0-442D-A15F-98AE9B48DBAE} = {33FE005D-4140-4DEE-A54A-598A9BB5F1DD}
		{58DADDF6-5733-40E0-855C-CC3B4BF235EB} = {23F62DAC-FE34-4A06-9147-E9A262F8EC05}
		{8FD826F8-3739-44E6-8CC8-997122E53B8D} = {33FE005D-4140-4DEE-A54A-598A9BB5F1DD}
		{FBE04237-9C7B-4973-9C60-505975998B39} = {33FE005D-4140-4DEE-A54A-598A9BB5F1DD}
	EndGlobalSection
	GlobalSection(ExtensibilityGlobals) = postSolution
		SolutionGuid = {094FE1F7-0CAC-46E8-91DA-E64A6201AE02}
	EndGlobalSection
EndGlobal
