<?xml version="1.0" encoding="utf-8"?>
<Project ToolsVersion="4.0" xmlns="http://schemas.microsoft.com/developer/msbuild/2003">
  <ItemGroup>
    <Filter Include="Project Items">
      <UniqueIdentifier>{5414d1f9-ea36-49e7-9889-80e52683e767}</UniqueIdentifier>
    </Filter>
    <Filter Include="Windows API Wrappers">
      <UniqueIdentifier>{0410d4d2-87ce-4c44-ab8d-6f291e90fa04}</UniqueIdentifier>
    </Filter>
    <Filter Include="Utility Classes">
      <UniqueIdentifier>{fb3faa0c-99de-4bc7-a260-a0e96bdf543a}</UniqueIdentifier>
    </Filter>
    <Filter Include="Square Enix Definitions">
      <UniqueIdentifier>{168fc05a-7df1-4d84-a1d5-5f17ef42040e}</UniqueIdentifier>
    </Filter>
    <Filter Include="Utility Functions">
      <UniqueIdentifier>{b7e5751c-b37d-4bf8-892b-e263b03e9cd3}</UniqueIdentifier>
    </Filter>
    <Filter Include="Square Enix Definitions\Game Resource Files">
      <UniqueIdentifier>{ade84eab-1151-42fb-a0df-f3904367280b}</UniqueIdentifier>
    </Filter>
    <Filter Include="Square Enix Definitions\Game Resource Files\Texture %28.tex%29">
      <UniqueIdentifier>{af403510-02b3-40bc-8446-bf5c09b85738}</UniqueIdentifier>
    </Filter>
    <Filter Include="Square Enix Definitions\Game Resource Files\SqPack %28.index, .index2, .dat0, .dat1, ...%29">
      <UniqueIdentifier>{8b7c10fb-b24b-45bd-9692-9cdb1b369eab}</UniqueIdentifier>
    </Filter>
    <Filter Include="Square Enix Definitions\Game Resource Files\Model %28.mdl%29">
      <UniqueIdentifier>{8c4c35c7-a38b-4b9b-989c-62c79f7856db}</UniqueIdentifier>
    </Filter>
    <Filter Include="Square Enix Definitions\Game Resource Files\FontCsv %28.fdt%29">
      <UniqueIdentifier>{2e64594b-fceb-4f41-a5d7-476d2263bcb3}</UniqueIdentifier>
    </Filter>
    <Filter Include="Square Enix Definitions\Third Party Formats">
      <UniqueIdentifier>{9552314c-ee3c-4b6c-bca7-a02e07d81a53}</UniqueIdentifier>
    </Filter>
    <Filter Include="Square Enix Definitions\Third Party Formats\TexTools">
      <UniqueIdentifier>{682c3f75-f414-4d2b-b327-59a9c52a5b1f}</UniqueIdentifier>
    </Filter>
    <Filter Include="Square Enix Definitions\Game Resource Files\Excel %28.exd, .exh, .exl%29">
      <UniqueIdentifier>{efb71632-499e-4880-875e-ddbd81be0ea3}</UniqueIdentifier>
    </Filter>
  </ItemGroup>
  <ItemGroup>
    <ClInclude Include="pch.h">
      <Filter>Project Items</Filter>
    </ClInclude>
    <ClInclude Include="includes\XivAlexanderCommon\Sqex.h">
      <Filter>Square Enix Definitions</Filter>
    </ClInclude>
    <ClInclude Include="includes\XivAlexanderCommon\XaMisc.h">
      <Filter>Utility Functions</Filter>
    </ClInclude>
    <ClInclude Include="includes\XivAlexanderCommon\XaStrings.h">
      <Filter>Utility Functions</Filter>
    </ClInclude>
    <ClInclude Include="includes\XivAlexanderCommon\XaZlib.h">
      <Filter>Utility Functions</Filter>
    </ClInclude>
    <ClInclude Include="includes\XivAlexanderCommon\Utils_CallOnDestruction.h">
      <Filter>Utility Classes</Filter>
    </ClInclude>
    <ClInclude Include="includes\XivAlexanderCommon\Utils_ListenerManager.h">
      <Filter>Utility Classes</Filter>
    </ClInclude>
    <ClInclude Include="includes\XivAlexanderCommon\Utils_NumericStatisticsTracker.h">
      <Filter>Utility Classes</Filter>
    </ClInclude>
    <ClInclude Include="includes\XivAlexanderCommon\Utils_Win32.h">
      <Filter>Windows API Wrappers</Filter>
    </ClInclude>
    <ClInclude Include="includes\XivAlexanderCommon\Utils_Win32_Closeable.h">
      <Filter>Windows API Wrappers</Filter>
    </ClInclude>
    <ClInclude Include="includes\XivAlexanderCommon\Utils_Win32_Handle.h">
      <Filter>Windows API Wrappers</Filter>
    </ClInclude>
    <ClInclude Include="includes\XivAlexanderCommon\Utils_Win32_HeapAllocator.h">
      <Filter>Windows API Wrappers</Filter>
    </ClInclude>
    <ClInclude Include="includes\XivAlexanderCommon\Utils_Win32_InjectedModule.h">
      <Filter>Windows API Wrappers</Filter>
    </ClInclude>
    <ClInclude Include="includes\XivAlexanderCommon\Utils_Win32_LoadedModule.h">
      <Filter>Windows API Wrappers</Filter>
    </ClInclude>
    <ClInclude Include="includes\XivAlexanderCommon\Utils_Win32_Process.h">
      <Filter>Windows API Wrappers</Filter>
    </ClInclude>
    <ClInclude Include="includes\XivAlexanderCommon\Utils_Win32_Resource.h">
      <Filter>Windows API Wrappers</Filter>
    </ClInclude>
    <ClInclude Include="includes\XivAlexanderCommon\Sqex_CommandLine.h">
      <Filter>Square Enix Definitions</Filter>
    </ClInclude>
    <ClInclude Include="includes\XivAlexanderCommon\Sqex_FontCsv.h">
      <Filter>Square Enix Definitions\Game Resource Files\FontCsv %28.fdt%29</Filter>
    </ClInclude>
    <ClInclude Include="includes\XivAlexanderCommon\Sqex_FontCsv_ModifiableFontCsvStream.h">
      <Filter>Square Enix Definitions\Game Resource Files\FontCsv %28.fdt%29</Filter>
    </ClInclude>
    <ClInclude Include="includes\XivAlexanderCommon\Sqex_Sqpack_Creator.h">
      <Filter>Square Enix Definitions\Game Resource Files\SqPack %28.index, .index2, .dat0, .dat1, ...%29</Filter>
    </ClInclude>
    <ClInclude Include="includes\XivAlexanderCommon\Sqex_Sqpack.h">
      <Filter>Square Enix Definitions\Game Resource Files\SqPack %28.index, .index2, .dat0, .dat1, ...%29</Filter>
    </ClInclude>
    <ClInclude Include="includes\XivAlexanderCommon\Sqex_Sqpack_Reader.h">
      <Filter>Square Enix Definitions\Game Resource Files\SqPack %28.index, .index2, .dat0, .dat1, ...%29</Filter>
    </ClInclude>
    <ClInclude Include="includes\XivAlexanderCommon\Sqex_Model.h">
      <Filter>Square Enix Definitions\Game Resource Files\Model %28.mdl%29</Filter>
    </ClInclude>
    <ClInclude Include="includes\XivAlexanderCommon\Sqex_Texture.h">
      <Filter>Square Enix Definitions\Game Resource Files\Texture %28.tex%29</Filter>
    </ClInclude>
    <ClInclude Include="includes\XivAlexanderCommon\XaFormat.h">
      <Filter>Utility Functions</Filter>
    </ClInclude>
    <ClInclude Include="includes\XivAlexanderCommon\XivAlex.h" />
    <ClInclude Include="includes\XivAlexanderCommon\Sqex_Texture_Mipmap.h">
      <Filter>Square Enix Definitions\Game Resource Files\Texture %28.tex%29</Filter>
    </ClInclude>
    <ClInclude Include="includes\XivAlexanderCommon\XaDxtDecompression.h">
      <Filter>Utility Functions</Filter>
    </ClInclude>
    <ClInclude Include="includes\XivAlexanderCommon\Sqex_Sqpack_EntryProvider.h">
      <Filter>Square Enix Definitions\Game Resource Files\SqPack %28.index, .index2, .dat0, .dat1, ...%29</Filter>
    </ClInclude>
    <ClInclude Include="includes\XivAlexanderCommon\Sqex_ThirdParty_TexTools.h">
      <Filter>Square Enix Definitions\Third Party Formats\TexTools</Filter>
    </ClInclude>
    <ClInclude Include="includes\XivAlexanderCommon\Sqex_Sqpack_EntryRawStream.h">
      <Filter>Square Enix Definitions\Game Resource Files\SqPack %28.index, .index2, .dat0, .dat1, ...%29</Filter>
    </ClInclude>
    <ClInclude Include="includes\XivAlexanderCommon\Sqex_FontCsv_SeCompatibleFont.h">
      <Filter>Square Enix Definitions\Game Resource Files\FontCsv %28.fdt%29</Filter>
    </ClInclude>
    <ClInclude Include="includes\XivAlexanderCommon\Sqex_FontCsv_SeCompatibleDrawableFont.h">
      <Filter>Square Enix Definitions\Game Resource Files\FontCsv %28.fdt%29</Filter>
    </ClInclude>
    <ClInclude Include="includes\XivAlexanderCommon\Sqex_FontCsv_Creator.h">
      <Filter>Square Enix Definitions\Game Resource Files\FontCsv %28.fdt%29</Filter>
    </ClInclude>
    <ClInclude Include="includes\XivAlexanderCommon\Utils_Win32_ThreadPool.h">
      <Filter>Windows API Wrappers</Filter>
    </ClInclude>
    <ClInclude Include="includes\XivAlexanderCommon\Sqex_FontCsv_GdiFont.h">
      <Filter>Square Enix Definitions\Game Resource Files\FontCsv %28.fdt%29</Filter>
    </ClInclude>
    <ClInclude Include="includes\XivAlexanderCommon\Sqex_FontCsv_DirectWriteFont.h">
      <Filter>Square Enix Definitions\Game Resource Files\FontCsv %28.fdt%29</Filter>
    </ClInclude>
    <ClInclude Include="includes\XivAlexanderCommon\Sqex_Texture_ModifiableTextureStream.h">
      <Filter>Square Enix Definitions\Game Resource Files\Texture %28.tex%29</Filter>
    </ClInclude>
    <ClInclude Include="includes\XivAlexanderCommon\Sqex_FontCsv_FreeTypeFont.h">
      <Filter>Square Enix Definitions\Game Resource Files\FontCsv %28.fdt%29</Filter>
    </ClInclude>
    <ClInclude Include="includes\XivAlexanderCommon\Sqex_FontCsv_CreateConfig.h">
      <Filter>Square Enix Definitions\Game Resource Files\FontCsv %28.fdt%29</Filter>
    </ClInclude>
    <ClInclude Include="includes\XivAlexanderCommon\Sqex_Excel.h">
      <Filter>Square Enix Definitions\Game Resource Files\Excel %28.exd, .exh, .exl%29</Filter>
    </ClInclude>
    <ClInclude Include="includes\XivAlexanderCommon\Sqex_Excel_Reader.h">
      <Filter>Square Enix Definitions\Game Resource Files\Excel %28.exd, .exh, .exl%29</Filter>
    </ClInclude>
    <ClInclude Include="includes\XivAlexanderCommon\Sqex_Excel_Generator.h">
      <Filter>Square Enix Definitions\Game Resource Files\Excel %28.exd, .exh, .exl%29</Filter>
    </ClInclude>
    <ClInclude Include="includes\XivAlexanderCommon\Sqex_EscapedString.h">
      <Filter>Square Enix Definitions</Filter>
    </ClInclude>
  </ItemGroup>
  <ItemGroup>
    <ClCompile Include="pch.cpp">
      <Filter>Project Items</Filter>
    </ClCompile>
    <ClCompile Include="Utils_Win32.cpp">
      <Filter>Windows API Wrappers</Filter>
    </ClCompile>
    <ClCompile Include="Utils_Win32_InjectedModule.cpp">
      <Filter>Windows API Wrappers</Filter>
    </ClCompile>
    <ClCompile Include="Utils_CallOnDestruction.cpp">
      <Filter>Utility Classes</Filter>
    </ClCompile>
    <ClCompile Include="Utils_NumericStatisticsTracker.cpp">
      <Filter>Utility Classes</Filter>
    </ClCompile>
    <ClCompile Include="XaStrings.cpp">
      <Filter>Utility Functions</Filter>
    </ClCompile>
    <ClCompile Include="XaZlib.cpp">
      <Filter>Utility Functions</Filter>
    </ClCompile>
    <ClCompile Include="XaMisc.cpp">
      <Filter>Utility Functions</Filter>
    </ClCompile>
    <ClCompile Include="Utils_Win32_LoadedModule.cpp">
      <Filter>Windows API Wrappers</Filter>
    </ClCompile>
    <ClCompile Include="Utils_Win32_Process.cpp">
      <Filter>Windows API Wrappers</Filter>
    </ClCompile>
    <ClCompile Include="Utils_Win32_Handle.cpp">
      <Filter>Windows API Wrappers</Filter>
    </ClCompile>
    <ClCompile Include="Utils_Win32_Resource.cpp">
      <Filter>Windows API Wrappers</Filter>
    </ClCompile>
    <ClCompile Include="Sqex.cpp">
      <Filter>Square Enix Definitions</Filter>
    </ClCompile>
    <ClCompile Include="Sqex_CommandLine.cpp">
      <Filter>Square Enix Definitions</Filter>
    </ClCompile>
    <ClCompile Include="Sqex_FontCsv.cpp">
      <Filter>Square Enix Definitions\Game Resource Files\FontCsv %28.fdt%29</Filter>
    </ClCompile>
    <ClCompile Include="Sqex_FontCsv_ModifiableFontCsvStream.cpp">
      <Filter>Square Enix Definitions\Game Resource Files\FontCsv %28.fdt%29</Filter>
    </ClCompile>
    <ClCompile Include="Sqex_Sqpack_Reader.cpp">
      <Filter>Square Enix Definitions\Game Resource Files\SqPack %28.index, .index2, .dat0, .dat1, ...%29</Filter>
    </ClCompile>
    <ClCompile Include="Sqex_Sqpack_Creator.cpp">
      <Filter>Square Enix Definitions\Game Resource Files\SqPack %28.index, .index2, .dat0, .dat1, ...%29</Filter>
    </ClCompile>
    <ClCompile Include="Sqex_Sqpack.cpp">
      <Filter>Square Enix Definitions\Game Resource Files\SqPack %28.index, .index2, .dat0, .dat1, ...%29</Filter>
    </ClCompile>
    <ClCompile Include="XivAlex.cpp" />
    <ClCompile Include="Sqex_Texture_Mipmap.cpp">
      <Filter>Square Enix Definitions\Game Resource Files\Texture %28.tex%29</Filter>
    </ClCompile>
    <ClCompile Include="XaDxtDecompression.cpp">
      <Filter>Utility Functions</Filter>
    </ClCompile>
    <ClCompile Include="Sqex_Sqpack_EntryProvider.cpp">
      <Filter>Square Enix Definitions\Game Resource Files\SqPack %28.index, .index2, .dat0, .dat1, ...%29</Filter>
    </ClCompile>
    <ClCompile Include="XivAlexDefaultHeapAllocator.cpp" />
    <ClCompile Include="Sqex_ThirdParty_TexTools.cpp">
      <Filter>Square Enix Definitions\Third Party Formats\TexTools</Filter>
    </ClCompile>
    <ClCompile Include="Sqex_Sqpack_EntryRawStream.cpp">
      <Filter>Square Enix Definitions\Game Resource Files\SqPack %28.index, .index2, .dat0, .dat1, ...%29</Filter>
    </ClCompile>
    <ClCompile Include="Sqex_Texture.cpp">
      <Filter>Square Enix Definitions\Game Resource Files\Texture %28.tex%29</Filter>
    </ClCompile>
    <ClCompile Include="Sqex_FontCsv_SeCompatibleFont.cpp">
      <Filter>Square Enix Definitions\Game Resource Files\FontCsv %28.fdt%29</Filter>
    </ClCompile>
    <ClCompile Include="Sqex_FontCsv_Creator.cpp">
      <Filter>Square Enix Definitions\Game Resource Files\FontCsv %28.fdt%29</Filter>
    </ClCompile>
    <ClCompile Include="Sqex_FontCsv_GdiFont.cpp">
      <Filter>Square Enix Definitions\Game Resource Files\FontCsv %28.fdt%29</Filter>
    </ClCompile>
    <ClCompile Include="Sqex_FontCsv_DirectWriteFont.cpp">
      <Filter>Square Enix Definitions\Game Resource Files\FontCsv %28.fdt%29</Filter>
    </ClCompile>
    <ClCompile Include="Sqex_FontCsv_CreateConfig.cpp">
      <Filter>Square Enix Definitions\Game Resource Files\FontCsv %28.fdt%29</Filter>
    </ClCompile>
    <ClCompile Include="Sqex_Texture_ModifiableTextureStream.cpp">
      <Filter>Square Enix Definitions\Game Resource Files\Texture %28.tex%29</Filter>
    </ClCompile>
    <ClCompile Include="Sqex_FontCsv_FreeTypeFont.cpp">
      <Filter>Square Enix Definitions\Game Resource Files\FontCsv %28.fdt%29</Filter>
    </ClCompile>
    <ClCompile Include="Sqex_Excel.cpp">
      <Filter>Square Enix Definitions\Game Resource Files\Excel %28.exd, .exh, .exl%29</Filter>
    </ClCompile>
    <ClCompile Include="Sqex_Excel_Reader.cpp">
      <Filter>Square Enix Definitions\Game Resource Files\Excel %28.exd, .exh, .exl%29</Filter>
    </ClCompile>
    <ClCompile Include="Sqex_Excel_Generator.cpp">
      <Filter>Square Enix Definitions\Game Resource Files\Excel %28.exd, .exh, .exl%29</Filter>
    </ClCompile>
    <ClCompile Include="Sqex_EscapedString.cpp">
      <Filter>Square Enix Definitions</Filter>
    </ClCompile>
  </ItemGroup>
  <ItemGroup>
    <None Include="vcpkg.json">
      <Filter>Project Items</Filter>
    </None>
  </ItemGroup>
</Project>