<?xml version="1.0" encoding="utf-8"?>
<Project ToolsVersion="4.0" xmlns="http://schemas.microsoft.com/developer/msbuild/2003">
  <ItemGroup>
    <Filter Include="Project Items">
      <UniqueIdentifier>{5414d1f9-ea36-49e7-9889-80e52683e767}</UniqueIdentifier>
    </Filter>
    <Filter Include="Utils">
      <UniqueIdentifier>{ebd6c91a-3058-49ca-9c2c-c5e16671cb71}</UniqueIdentifier>
    </Filter>
    <Filter Include="Utils\Win32">
      <UniqueIdentifier>{0410d4d2-87ce-4c44-ab8d-6f291e90fa04}</UniqueIdentifier>
    </Filter>
    <Filter Include="Utils\Win32\Closeables">
      <UniqueIdentifier>{d39d325d-07cb-46f9-884e-2cee0f358a48}</UniqueIdentifier>
    </Filter>
    <Filter Include="Sqex">
      <UniqueIdentifier>{168fc05a-7df1-4d84-a1d5-5f17ef42040e}</UniqueIdentifier>
    </Filter>
    <Filter Include="Sqex\Game Resource Files">
      <UniqueIdentifier>{ade84eab-1151-42fb-a0df-f3904367280b}</UniqueIdentifier>
    </Filter>
    <Filter Include="Sqex\Game Resource Files\Texture %28.tex%29">
      <UniqueIdentifier>{af403510-02b3-40bc-8446-bf5c09b85738}</UniqueIdentifier>
    </Filter>
    <Filter Include="Sqex\Game Resource Files\SqPack %28.index, .index2, .dat0, .dat1, ...%29">
      <UniqueIdentifier>{8b7c10fb-b24b-45bd-9692-9cdb1b369eab}</UniqueIdentifier>
    </Filter>
    <Filter Include="Sqex\Game Resource Files\SqPack %28.index, .index2, .dat0, .dat1, ...%29\Entry Providers">
      <UniqueIdentifier>{1f6cfd51-29bd-4deb-a98b-851565e7efb4}</UniqueIdentifier>
    </Filter>
    <Filter Include="Sqex\Game Resource Files\SqPack %28.index, .index2, .dat0, .dat1, ...%29\Entry Decoders">
      <UniqueIdentifier>{7f60c1b7-c106-4e4f-b344-80f4f9ca59a5}</UniqueIdentifier>
    </Filter>
    <Filter Include="Sqex\Game Resource Files\Model %28.mdl%29">
      <UniqueIdentifier>{8c4c35c7-a38b-4b9b-989c-62c79f7856db}</UniqueIdentifier>
    </Filter>
    <Filter Include="Sqex\Game Resource Files\FontCsv %28.fdt%29">
      <UniqueIdentifier>{2e64594b-fceb-4f41-a5d7-476d2263bcb3}</UniqueIdentifier>
    </Filter>
    <Filter Include="Sqex\Game Resource Files\Excel %28.exd, .exh, .exl%29">
      <UniqueIdentifier>{efb71632-499e-4880-875e-ddbd81be0ea3}</UniqueIdentifier>
    </Filter>
    <Filter Include="Sqex\Game Resource Files\Sound %28.scd%29">
      <UniqueIdentifier>{63c632e9-165b-493d-a2de-5f20d1ebc928}</UniqueIdentifier>
    </Filter>
    <Filter Include="Sqex\Game Resource Files\Equipment/Gimmick Parameters %28.eqp, .gmp%29">
      <UniqueIdentifier>{a320a006-2a67-4604-8375-f0b88b656646}</UniqueIdentifier>
    </Filter>
    <Filter Include="Sqex\Game Resource Files\Equipment Deformer Parameter %28.eqdp%29">
      <UniqueIdentifier>{72ce1b0e-dee1-4e18-aa7e-3709043fa2cc}</UniqueIdentifier>
    </Filter>
    <Filter Include="Sqex\Third Party Formats">
      <UniqueIdentifier>{9552314c-ee3c-4b6c-bca7-a02e07d81a53}</UniqueIdentifier>
    </Filter>
    <Filter Include="Sqex\Third Party Formats\TexTools">
      <UniqueIdentifier>{682c3f75-f414-4d2b-b327-59a9c52a5b1f}</UniqueIdentifier>
    </Filter>
    <Filter Include="Sqex\Network">
      <UniqueIdentifier>{87aa06a8-528a-4e49-8fee-3db824d68687}</UniqueIdentifier>
    </Filter>
  </ItemGroup>
  <ItemGroup>
    <ClInclude Include="pch.h">
      <Filter>Project Items</Filter>
    </ClInclude>
    <ClInclude Include="Sqex.h">
      <Filter>Sqex</Filter>
    </ClInclude>
    <ClInclude Include="Utils\Win32.h">
      <Filter>Utils\Win32</Filter>
    </ClInclude>
    <ClInclude Include="Utils\Win32\Closeable.h">
      <Filter>Utils\Win32</Filter>
    </ClInclude>
    <ClInclude Include="Sqex\CommandLine.h">
      <Filter>Sqex</Filter>
    </ClInclude>
    <ClInclude Include="Sqex\FontCsv.h">
      <Filter>Sqex\Game Resource Files\FontCsv %28.fdt%29</Filter>
    </ClInclude>
    <ClInclude Include="Sqex\FontCsv\ModifiableFontCsvStream.h">
      <Filter>Sqex\Game Resource Files\FontCsv %28.fdt%29</Filter>
    </ClInclude>
    <ClInclude Include="Sqex\Sqpack\Creator.h">
      <Filter>Sqex\Game Resource Files\SqPack %28.index, .index2, .dat0, .dat1, ...%29</Filter>
    </ClInclude>
    <ClInclude Include="Sqex\Sqpack.h">
      <Filter>Sqex\Game Resource Files\SqPack %28.index, .index2, .dat0, .dat1, ...%29</Filter>
    </ClInclude>
    <ClInclude Include="Sqex\Sqpack\Reader.h">
      <Filter>Sqex\Game Resource Files\SqPack %28.index, .index2, .dat0, .dat1, ...%29</Filter>
    </ClInclude>
    <ClInclude Include="Sqex\Model.h">
      <Filter>Sqex\Game Resource Files\Model %28.mdl%29</Filter>
    </ClInclude>
    <ClInclude Include="Sqex\Texture.h">
      <Filter>Sqex\Game Resource Files\Texture %28.tex%29</Filter>
    </ClInclude>
    <ClInclude Include="Sqex\Texture\Mipmap.h">
      <Filter>Sqex\Game Resource Files\Texture %28.tex%29</Filter>
    </ClInclude>
    <ClInclude Include="Sqex\Sqpack\EntryProvider.h">
      <Filter>Sqex\Game Resource Files\SqPack %28.index, .index2, .dat0, .dat1, ...%29</Filter>
    </ClInclude>
    <ClInclude Include="Sqex\ThirdParty\TexTools.h">
      <Filter>Sqex\Third Party Formats\TexTools</Filter>
    </ClInclude>
    <ClInclude Include="Sqex\Sqpack\EntryRawStream.h">
      <Filter>Sqex\Game Resource Files\SqPack %28.index, .index2, .dat0, .dat1, ...%29</Filter>
    </ClInclude>
    <ClInclude Include="Sqex\FontCsv\BaseFont.h">
      <Filter>Sqex\Game Resource Files\FontCsv %28.fdt%29</Filter>
    </ClInclude>
    <ClInclude Include="Sqex\FontCsv\BaseDrawableFont.h">
      <Filter>Sqex\Game Resource Files\FontCsv %28.fdt%29</Filter>
    </ClInclude>
    <ClInclude Include="Sqex\FontCsv\Creator.h">
      <Filter>Sqex\Game Resource Files\FontCsv %28.fdt%29</Filter>
    </ClInclude>
    <ClInclude Include="Sqex\FontCsv\GdiFont.h">
      <Filter>Sqex\Game Resource Files\FontCsv %28.fdt%29</Filter>
    </ClInclude>
    <ClInclude Include="Sqex\FontCsv\DirectWriteFont.h">
      <Filter>Sqex\Game Resource Files\FontCsv %28.fdt%29</Filter>
    </ClInclude>
    <ClInclude Include="Sqex\Texture\ModifiableTextureStream.h">
      <Filter>Sqex\Game Resource Files\Texture %28.tex%29</Filter>
    </ClInclude>
    <ClInclude Include="Sqex\FontCsv\FreeTypeFont.h">
      <Filter>Sqex\Game Resource Files\FontCsv %28.fdt%29</Filter>
    </ClInclude>
    <ClInclude Include="Sqex\FontCsv\CreateConfig.h">
      <Filter>Sqex\Game Resource Files\FontCsv %28.fdt%29</Filter>
    </ClInclude>
    <ClInclude Include="Sqex\Excel.h">
      <Filter>Sqex\Game Resource Files\Excel %28.exd, .exh, .exl%29</Filter>
    </ClInclude>
    <ClInclude Include="Sqex\Excel\Reader.h">
      <Filter>Sqex\Game Resource Files\Excel %28.exd, .exh, .exl%29</Filter>
    </ClInclude>
    <ClInclude Include="Sqex\Excel\Generator.h">
      <Filter>Sqex\Game Resource Files\Excel %28.exd, .exh, .exl%29</Filter>
    </ClInclude>
    <ClInclude Include="Sqex\SeString.h">
      <Filter>Sqex</Filter>
    </ClInclude>
    <ClInclude Include="Sqex\Sound.h">
      <Filter>Sqex\Game Resource Files\Sound %28.scd%29</Filter>
    </ClInclude>
    <ClInclude Include="Sqex\Sound\Reader.h">
      <Filter>Sqex\Game Resource Files\Sound %28.scd%29</Filter>
    </ClInclude>
    <ClInclude Include="Sqex\Sound\Writer.h">
      <Filter>Sqex\Game Resource Files\Sound %28.scd%29</Filter>
    </ClInclude>
    <ClInclude Include="Sqex\Sound\MusicImporter.h">
      <Filter>Sqex\Game Resource Files\Sound %28.scd%29</Filter>
    </ClInclude>
    <ClInclude Include="Sqex\Imc.h">
      <Filter>Sqex\Game Resource Files</Filter>
    </ClInclude>
    <ClInclude Include="Sqex\Est.h">
      <Filter>Sqex\Game Resource Files</Filter>
    </ClInclude>
    <ClInclude Include="Sqex\EqpGmp.h">
      <Filter>Sqex\Game Resource Files\Equipment/Gimmick Parameters %28.eqp, .gmp%29</Filter>
    </ClInclude>
    <ClInclude Include="Sqex\Eqdp.h">
      <Filter>Sqex\Game Resource Files\Equipment Deformer Parameter %28.eqdp%29</Filter>
    </ClInclude>
    <ClInclude Include="Sqex\Sqpack\BinaryEntryProvider.h">
      <Filter>Sqex\Game Resource Files\SqPack %28.index, .index2, .dat0, .dat1, ...%29\Entry Providers</Filter>
    </ClInclude>
    <ClInclude Include="Sqex\Sqpack\EmptyOrObfuscatedEntryProvider.h">
      <Filter>Sqex\Game Resource Files\SqPack %28.index, .index2, .dat0, .dat1, ...%29\Entry Providers</Filter>
    </ClInclude>
    <ClInclude Include="Sqex\Sqpack\HotSwappableEntryProvider.h">
      <Filter>Sqex\Game Resource Files\SqPack %28.index, .index2, .dat0, .dat1, ...%29\Entry Providers</Filter>
    </ClInclude>
    <ClInclude Include="Sqex\Sqpack\LazyEntryProvider.h">
      <Filter>Sqex\Game Resource Files\SqPack %28.index, .index2, .dat0, .dat1, ...%29\Entry Providers</Filter>
    </ClInclude>
    <ClInclude Include="Sqex\Sqpack\ModelEntryProvider.h">
      <Filter>Sqex\Game Resource Files\SqPack %28.index, .index2, .dat0, .dat1, ...%29\Entry Providers</Filter>
    </ClInclude>
    <ClInclude Include="Sqex\Sqpack\RandomAccessStreamAsEntryProviderView.h">
      <Filter>Sqex\Game Resource Files\SqPack %28.index, .index2, .dat0, .dat1, ...%29\Entry Providers</Filter>
    </ClInclude>
    <ClInclude Include="Sqex\Sqpack\TextureEntryProvider.h">
      <Filter>Sqex\Game Resource Files\SqPack %28.index, .index2, .dat0, .dat1, ...%29\Entry Providers</Filter>
    </ClInclude>
    <ClInclude Include="Sqex\Sqpack\BinaryStreamDecoder.h">
      <Filter>Sqex\Game Resource Files\SqPack %28.index, .index2, .dat0, .dat1, ...%29\Entry Decoders</Filter>
    </ClInclude>
    <ClInclude Include="Sqex\Sqpack\ModelStreamDecoder.h">
      <Filter>Sqex\Game Resource Files\SqPack %28.index, .index2, .dat0, .dat1, ...%29\Entry Decoders</Filter>
    </ClInclude>
    <ClInclude Include="Sqex\Sqpack\TextureStreamDecoder.h">
      <Filter>Sqex\Game Resource Files\SqPack %28.index, .index2, .dat0, .dat1, ...%29\Entry Decoders</Filter>
    </ClInclude>
    <ClInclude Include="Sqex\Sqpack\StreamDecoder.h">
      <Filter>Sqex\Game Resource Files\SqPack %28.index, .index2, .dat0, .dat1, ...%29\Entry Decoders</Filter>
    </ClInclude>
    <ClInclude Include="Utils\ZlibWrapper.h">
      <Filter>Utils</Filter>
    </ClInclude>
    <ClInclude Include="Utils\Utils.h">
      <Filter>Utils</Filter>
    </ClInclude>
    <ClInclude Include="Utils\StringUtils.h">
      <Filter>Utils</Filter>
    </ClInclude>
    <ClInclude Include="Utils\Win32\Handle.h">
      <Filter>Utils\Win32\Closeables</Filter>
    </ClInclude>
    <ClInclude Include="Utils\Win32\HeapAllocator.h">
      <Filter>Utils\Win32\Closeables</Filter>
    </ClInclude>
    <ClInclude Include="Utils\Win32\InjectedModule.h">
      <Filter>Utils\Win32\Closeables</Filter>
    </ClInclude>
    <ClInclude Include="Utils\Win32\LoadedModule.h">
      <Filter>Utils\Win32\Closeables</Filter>
    </ClInclude>
    <ClInclude Include="Utils\Win32\Process.h">
      <Filter>Utils\Win32\Closeables</Filter>
    </ClInclude>
    <ClInclude Include="Utils\Win32\Resource.h">
      <Filter>Utils\Win32\Closeables</Filter>
    </ClInclude>
    <ClInclude Include="Utils\Win32\TaskDialogBuilder.h">
      <Filter>Utils\Win32\Closeables</Filter>
    </ClInclude>
    <ClInclude Include="Utils\Win32\ThreadPool.h">
      <Filter>Utils\Win32\Closeables</Filter>
    </ClInclude>
    <ClInclude Include="Utils\CallOnDestruction.h">
      <Filter>Utils</Filter>
    </ClInclude>
    <ClInclude Include="Utils\ListenerManager.h">
      <Filter>Utils</Filter>
    </ClInclude>
    <ClInclude Include="Utils\NumericStatisticsTracker.h">
      <Filter>Utils</Filter>
    </ClInclude>
    <ClInclude Include="Utils\Dxt.h">
      <Filter>Utils</Filter>
    </ClInclude>
    <ClInclude Include="Sqex\Network\Structure.h">
      <Filter>Sqex\Network</Filter>
    </ClInclude>
    <ClInclude Include="Sqex\Sqpack\EmptyOrObfuscatedStreamDecoder.h">
      <Filter>Sqex\Game Resource Files\SqPack %28.index, .index2, .dat0, .dat1, ...%29\Entry Decoders</Filter>
    </ClInclude>
    <ClInclude Include="span_cast.h">
      <Filter>Utils</Filter>
    </ClInclude>
    <ClInclude Include="Sqex\FontCsv\FdtFont.h">
      <Filter>Sqex\Game Resource Files\FontCsv %28.fdt%29</Filter>
    </ClInclude>
  </ItemGroup>
  <ItemGroup>
    <ClCompile Include="pch.cpp">
      <Filter>Project Items</Filter>
    </ClCompile>
    <ClCompile Include="Utils\Win32.cpp">
      <Filter>Utils\Win32</Filter>
    </ClCompile>
    <ClCompile Include="Sqex.cpp">
      <Filter>Sqex</Filter>
    </ClCompile>
    <ClCompile Include="Sqex\CommandLine.cpp">
      <Filter>Sqex</Filter>
    </ClCompile>
    <ClCompile Include="Sqex\FontCsv.cpp">
      <Filter>Sqex\Game Resource Files\FontCsv %28.fdt%29</Filter>
    </ClCompile>
    <ClCompile Include="Sqex\FontCsv\ModifiableFontCsvStream.cpp">
      <Filter>Sqex\Game Resource Files\FontCsv %28.fdt%29</Filter>
    </ClCompile>
    <ClCompile Include="Sqex\Sqpack\Reader.cpp">
      <Filter>Sqex\Game Resource Files\SqPack %28.index, .index2, .dat0, .dat1, ...%29</Filter>
    </ClCompile>
    <ClCompile Include="Sqex\Sqpack\Creator.cpp">
      <Filter>Sqex\Game Resource Files\SqPack %28.index, .index2, .dat0, .dat1, ...%29</Filter>
    </ClCompile>
    <ClCompile Include="Sqex\Sqpack.cpp">
      <Filter>Sqex\Game Resource Files\SqPack %28.index, .index2, .dat0, .dat1, ...%29</Filter>
    </ClCompile>
    <ClCompile Include="Sqex\Texture\Mipmap.cpp">
      <Filter>Sqex\Game Resource Files\Texture %28.tex%29</Filter>
    </ClCompile>
    <ClCompile Include="Sqex\Sqpack\EntryProvider.cpp">
      <Filter>Sqex\Game Resource Files\SqPack %28.index, .index2, .dat0, .dat1, ...%29</Filter>
    </ClCompile>
    <ClCompile Include="Sqex\ThirdParty\TexTools.cpp">
      <Filter>Sqex\Third Party Formats\TexTools</Filter>
    </ClCompile>
    <ClCompile Include="Sqex\Sqpack\EntryRawStream.cpp">
      <Filter>Sqex\Game Resource Files\SqPack %28.index, .index2, .dat0, .dat1, ...%29</Filter>
    </ClCompile>
    <ClCompile Include="Sqex\Texture.cpp">
      <Filter>Sqex\Game Resource Files\Texture %28.tex%29</Filter>
    </ClCompile>
    <ClCompile Include="Sqex\FontCsv\BaseFont.cpp">
      <Filter>Sqex\Game Resource Files\FontCsv %28.fdt%29</Filter>
    </ClCompile>
    <ClCompile Include="Sqex\FontCsv\Creator.cpp">
      <Filter>Sqex\Game Resource Files\FontCsv %28.fdt%29</Filter>
    </ClCompile>
    <ClCompile Include="Sqex\FontCsv\GdiFont.cpp">
      <Filter>Sqex\Game Resource Files\FontCsv %28.fdt%29</Filter>
    </ClCompile>
    <ClCompile Include="Sqex\FontCsv\DirectWriteFont.cpp">
      <Filter>Sqex\Game Resource Files\FontCsv %28.fdt%29</Filter>
    </ClCompile>
    <ClCompile Include="Sqex\FontCsv\CreateConfig.cpp">
      <Filter>Sqex\Game Resource Files\FontCsv %28.fdt%29</Filter>
    </ClCompile>
    <ClCompile Include="Sqex\Texture\ModifiableTextureStream.cpp">
      <Filter>Sqex\Game Resource Files\Texture %28.tex%29</Filter>
    </ClCompile>
    <ClCompile Include="Sqex\FontCsv\FreeTypeFont.cpp">
      <Filter>Sqex\Game Resource Files\FontCsv %28.fdt%29</Filter>
    </ClCompile>
    <ClCompile Include="Sqex\Excel.cpp">
      <Filter>Sqex\Game Resource Files\Excel %28.exd, .exh, .exl%29</Filter>
    </ClCompile>
    <ClCompile Include="Sqex\Excel\Reader.cpp">
      <Filter>Sqex\Game Resource Files\Excel %28.exd, .exh, .exl%29</Filter>
    </ClCompile>
    <ClCompile Include="Sqex\Excel\Generator.cpp">
      <Filter>Sqex\Game Resource Files\Excel %28.exd, .exh, .exl%29</Filter>
    </ClCompile>
    <ClCompile Include="Sqex\SeString.cpp">
      <Filter>Sqex</Filter>
    </ClCompile>
    <ClCompile Include="Sqex\Sound\Reader.cpp">
      <Filter>Sqex\Game Resource Files\Sound %28.scd%29</Filter>
    </ClCompile>
    <ClCompile Include="Sqex\Sound.cpp">
      <Filter>Sqex\Game Resource Files\Sound %28.scd%29</Filter>
    </ClCompile>
    <ClCompile Include="Sqex\Sound\Writer.cpp">
      <Filter>Sqex\Game Resource Files\Sound %28.scd%29</Filter>
    </ClCompile>
    <ClCompile Include="Sqex\Sound\MusicImporter.cpp">
      <Filter>Sqex\Game Resource Files\Sound %28.scd%29</Filter>
    </ClCompile>
    <ClCompile Include="Sqex\EqpGmp.cpp">
      <Filter>Sqex\Game Resource Files\Equipment/Gimmick Parameters %28.eqp, .gmp%29</Filter>
    </ClCompile>
    <ClCompile Include="Sqex\Eqdp.cpp">
      <Filter>Sqex\Game Resource Files\Equipment Deformer Parameter %28.eqdp%29</Filter>
    </ClCompile>
    <ClCompile Include="Sqex\Sqpack\ModelEntryProvider.cpp">
      <Filter>Sqex\Game Resource Files\SqPack %28.index, .index2, .dat0, .dat1, ...%29\Entry Providers</Filter>
    </ClCompile>
    <ClCompile Include="Sqex\Sqpack\TextureEntryProvider.cpp">
      <Filter>Sqex\Game Resource Files\SqPack %28.index, .index2, .dat0, .dat1, ...%29\Entry Providers</Filter>
    </ClCompile>
    <ClCompile Include="Sqex\Sqpack\BinaryEntryProvider.cpp">
      <Filter>Sqex\Game Resource Files\SqPack %28.index, .index2, .dat0, .dat1, ...%29\Entry Providers</Filter>
    </ClCompile>
    <ClCompile Include="Sqex\Sqpack\EmptyOrObfuscatedEntryProvider.cpp">
      <Filter>Sqex\Game Resource Files\SqPack %28.index, .index2, .dat0, .dat1, ...%29\Entry Providers</Filter>
    </ClCompile>
    <ClCompile Include="Sqex\Sqpack\LazyEntryProvider.cpp">
      <Filter>Sqex\Game Resource Files\SqPack %28.index, .index2, .dat0, .dat1, ...%29\Entry Providers</Filter>
    </ClCompile>
    <ClCompile Include="Sqex\Sqpack\RandomAccessStreamAsEntryProviderView.cpp">
      <Filter>Sqex\Game Resource Files\SqPack %28.index, .index2, .dat0, .dat1, ...%29\Entry Providers</Filter>
    </ClCompile>
    <ClCompile Include="Sqex\Sqpack\HotSwappableEntryProvider.cpp">
      <Filter>Sqex\Game Resource Files\SqPack %28.index, .index2, .dat0, .dat1, ...%29\Entry Providers</Filter>
    </ClCompile>
    <ClCompile Include="Sqex\Sqpack\BinaryStreamDecoder.cpp">
      <Filter>Sqex\Game Resource Files\SqPack %28.index, .index2, .dat0, .dat1, ...%29\Entry Decoders</Filter>
    </ClCompile>
    <ClCompile Include="Sqex\Sqpack\StreamDecoder.cpp">
      <Filter>Sqex\Game Resource Files\SqPack %28.index, .index2, .dat0, .dat1, ...%29\Entry Decoders</Filter>
    </ClCompile>
    <ClCompile Include="Sqex\Sqpack\TextureStreamDecoder.cpp">
      <Filter>Sqex\Game Resource Files\SqPack %28.index, .index2, .dat0, .dat1, ...%29\Entry Decoders</Filter>
    </ClCompile>
    <ClCompile Include="Sqex\Sqpack\ModelStreamDecoder.cpp">
      <Filter>Sqex\Game Resource Files\SqPack %28.index, .index2, .dat0, .dat1, ...%29\Entry Decoders</Filter>
    </ClCompile>
    <ClCompile Include="Utils\ZlibWrapper.cpp">
      <Filter>Utils</Filter>
    </ClCompile>
    <ClCompile Include="Utils\Utils.cpp">
      <Filter>Utils</Filter>
    </ClCompile>
    <ClCompile Include="Utils\StringUtils.cpp">
      <Filter>Utils</Filter>
    </ClCompile>
    <ClCompile Include="Utils\Win32\Handle.cpp">
      <Filter>Utils\Win32\Closeables</Filter>
    </ClCompile>
    <ClCompile Include="Utils\Win32\InjectedModule.cpp">
      <Filter>Utils\Win32\Closeables</Filter>
    </ClCompile>
    <ClCompile Include="Utils\Win32\LoadedModule.cpp">
      <Filter>Utils\Win32\Closeables</Filter>
    </ClCompile>
    <ClCompile Include="Utils\Win32\Process.cpp">
      <Filter>Utils\Win32\Closeables</Filter>
    </ClCompile>
    <ClCompile Include="Utils\Win32\Resource.cpp">
      <Filter>Utils\Win32\Closeables</Filter>
    </ClCompile>
    <ClCompile Include="Utils\Win32\TaskDialogBuilder.cpp">
      <Filter>Utils\Win32\Closeables</Filter>
    </ClCompile>
    <ClCompile Include="Utils\Win32\ThreadPool.cpp">
      <Filter>Utils\Win32\Closeables</Filter>
    </ClCompile>
    <ClCompile Include="Utils\CallOnDestruction.cpp">
      <Filter>Utils</Filter>
    </ClCompile>
    <ClCompile Include="Utils\NumericStatisticsTracker.cpp">
      <Filter>Utils</Filter>
    </ClCompile>
    <ClCompile Include="Utils\Dxt.cpp">
      <Filter>Utils</Filter>
    </ClCompile>
    <ClCompile Include="Sqex\Network\Structure.cpp">
      <Filter>Sqex\Network</Filter>
    </ClCompile>
    <ClCompile Include="EmptyOrObfuscatedStreamDecoder.cpp">
      <Filter>Sqex\Game Resource Files\SqPack %28.index, .index2, .dat0, .dat1, ...%29\Entry Decoders</Filter>
    </ClCompile>
    <ClCompile Include="FdtFont.cpp">
      <Filter>Sqex\Game Resource Files\FontCsv %28.fdt%29</Filter>
    </ClCompile>
  </ItemGroup>
  <ItemGroup>
    <None Include="vcpkg.json">
      <Filter>Project Items</Filter>
    </None>
  </ItemGroup>
</Project>