<?xml version="1.0" encoding="utf-8"?>
<Project ToolsVersion="4.0" xmlns="http://schemas.microsoft.com/developer/msbuild/2003">
  <ItemGroup>
    <Filter Include="Project Items">
      <UniqueIdentifier>{5414d1f9-ea36-49e7-9889-80e52683e767}</UniqueIdentifier>
    </Filter>
    <Filter Include="Headers">
      <UniqueIdentifier>{bbec9cf7-3df8-471b-98d8-c11a09a41f08}</UniqueIdentifier>
    </Filter>
    <Filter Include="Headers\Internal">
      <UniqueIdentifier>{e85d0ad4-6102-4282-a237-b9e6aa5c925c}</UniqueIdentifier>
    </Filter>
  </ItemGroup>
  <ItemGroup>
    <None Include="vcpkg.json">
      <Filter>Project Items</Filter>
    </None>
  </ItemGroup>
  <ItemGroup>
    <ClInclude Include="Sqex\Common.h">
      <Filter>Headers</Filter>
    </ClInclude>
    <ClInclude Include="Sqex\Eqdp.h">
      <Filter>Headers</Filter>
    </ClInclude>
    <ClInclude Include="Sqex\EqpGmp.h">
      <Filter>Headers</Filter>
    </ClInclude>
    <ClInclude Include="Sqex\Est.h">
      <Filter>Headers</Filter>
    </ClInclude>
    <ClInclude Include="Sqex\Excel.h">
      <Filter>Headers</Filter>
    </ClInclude>
    <ClInclude Include="Sqex\ExcelGenerator.h">
      <Filter>Headers</Filter>
    </ClInclude>
    <ClInclude Include="Sqex\ExcelReader.h">
      <Filter>Headers</Filter>
    </ClInclude>
    <ClInclude Include="Sqex\FontCsv.h">
      <Filter>Headers</Filter>
    </ClInclude>
    <ClInclude Include="Sqex\FontCsvStream.h">
      <Filter>Headers</Filter>
    </ClInclude>
    <ClInclude Include="Sqex\Imc.h">
      <Filter>Headers</Filter>
    </ClInclude>
    <ClInclude Include="Sqex\MipmapStream.h">
      <Filter>Headers</Filter>
    </ClInclude>
    <ClInclude Include="Sqex\Model.h">
      <Filter>Headers</Filter>
    </ClInclude>
    <ClInclude Include="Sqex\RandomAccessStream.h">
      <Filter>Headers</Filter>
    </ClInclude>
    <ClInclude Include="Sqex\ScdReader.h">
      <Filter>Headers</Filter>
    </ClInclude>
    <ClInclude Include="Sqex\ScdWriter.h">
      <Filter>Headers</Filter>
    </ClInclude>
    <ClInclude Include="Sqex\SeString.h">
      <Filter>Headers</Filter>
    </ClInclude>
    <ClInclude Include="Sqex\Scd.h">
      <Filter>Headers</Filter>
    </ClInclude>
    <ClInclude Include="Sqex\Sqpack.h">
      <Filter>Headers</Filter>
    </ClInclude>
    <ClInclude Include="Sqex\SqpackBinaryEntryProvider.h">
      <Filter>Headers</Filter>
    </ClInclude>
    <ClInclude Include="Sqex\SqpackBinaryStreamDecoder.h">
      <Filter>Headers</Filter>
    </ClInclude>
    <ClInclude Include="Sqex\SqpackGenerator.h">
      <Filter>Headers</Filter>
    </ClInclude>
    <ClInclude Include="Sqex\SqpackEmptyOrObfuscatedEntryProvider.h">
      <Filter>Headers</Filter>
    </ClInclude>
    <ClInclude Include="Sqex\SqpackEmptyOrObfuscatedStreamDecoder.h">
      <Filter>Headers</Filter>
    </ClInclude>
    <ClInclude Include="Sqex\SqpackEntryProvider.h">
      <Filter>Headers</Filter>
    </ClInclude>
    <ClInclude Include="Sqex\SqpackEntryRawStream.h">
      <Filter>Headers</Filter>
    </ClInclude>
    <ClInclude Include="Sqex\SqpackHotSwappableEntryProvider.h">
      <Filter>Headers</Filter>
    </ClInclude>
    <ClInclude Include="Sqex\SqpackLazyEntryProvider.h">
      <Filter>Headers</Filter>
    </ClInclude>
    <ClInclude Include="Sqex\SqpackModelEntryProvider.h">
      <Filter>Headers</Filter>
    </ClInclude>
    <ClInclude Include="Sqex\SqpackModelStreamDecoder.h">
      <Filter>Headers</Filter>
    </ClInclude>
    <ClInclude Include="Sqex\SqpackRandomAccessStreamAsEntryProviderView.h">
      <Filter>Headers</Filter>
    </ClInclude>
    <ClInclude Include="Sqex\SqpackReader.h">
      <Filter>Headers</Filter>
    </ClInclude>
    <ClInclude Include="Sqex\SqpackStreamDecoder.h">
      <Filter>Headers</Filter>
    </ClInclude>
    <ClInclude Include="Sqex\SqpackTextureEntryProvider.h">
      <Filter>Headers</Filter>
    </ClInclude>
    <ClInclude Include="Sqex\SqpackTextureStreamDecoder.h">
      <Filter>Headers</Filter>
    </ClInclude>
    <ClInclude Include="Sqex\Texture.h">
      <Filter>Headers</Filter>
    </ClInclude>
    <ClInclude Include="Sqex\TextureStream.h">
      <Filter>Headers</Filter>
    </ClInclude>
    <ClInclude Include="Sqex\internal\ByteOrder.h">
      <Filter>Headers\Internal</Filter>
    </ClInclude>
    <ClInclude Include="Sqex\internal\CallOnDestruction.h">
      <Filter>Headers\Internal</Filter>
    </ClInclude>
    <ClInclude Include="Sqex\internal\Dxt.h">
      <Filter>Headers\Internal</Filter>
    </ClInclude>
    <ClInclude Include="Sqex\internal\ListenerManager.h">
      <Filter>Headers\Internal</Filter>
    </ClInclude>
    <ClInclude Include="Sqex\internal\Misc.h">
      <Filter>Headers\Internal</Filter>
    </ClInclude>
    <ClInclude Include="Sqex\internal\TinySha1.h">
      <Filter>Headers\Internal</Filter>
    </ClInclude>
    <ClInclude Include="Sqex\internal\SpanCast.h">
      <Filter>Headers\Internal</Filter>
    </ClInclude>
    <ClInclude Include="Sqex\internal\String.h">
      <Filter>Headers\Internal</Filter>
    </ClInclude>
    <ClInclude Include="Sqex\internal\ZlibWrapper.h">
      <Filter>Headers\Internal</Filter>
    </ClInclude>
    <ClInclude Include="Sqex\PixelFormats.h">
      <Filter>Headers</Filter>
    </ClInclude>
  </ItemGroup>
</Project>