<?xml version="1.0" encoding="utf-8"?>
<Project ToolsVersion="4.0" xmlns="http://schemas.microsoft.com/developer/msbuild/2003">
  <ItemGroup>
    <Filter Include="Project Items">
      <UniqueIdentifier>{23099293-0584-4c64-852f-044d412606ce}</UniqueIdentifier>
    </Filter>
    <Filter Include="Resources">
      <UniqueIdentifier>{f96ebb19-9c57-4d68-8afe-d887a9e1372b}</UniqueIdentifier>
    </Filter>
    <Filter Include="LoaderApp">
      <UniqueIdentifier>{42484399-8036-4d11-88e6-2931debcde39}</UniqueIdentifier>
    </Filter>
    <Filter Include="LoaderApp\Actions">
      <UniqueIdentifier>{9ab24cde-20cc-4271-b287-d15be9a77778}</UniqueIdentifier>
    </Filter>
    <Filter Include="Misc">
      <UniqueIdentifier>{2bf35a29-24e3-4da4-a984-7d975faff46f}</UniqueIdentifier>
    </Filter>
    <Filter Include="EntryPointApp">
      <UniqueIdentifier>{d8fcfcb9-5deb-4701-b08c-92ca88636ee6}</UniqueIdentifier>
    </Filter>
    <Filter Include="MainApp">
      <UniqueIdentifier>{ca7e3e97-d02b-44f7-bd44-d1065410a357}</UniqueIdentifier>
    </Filter>
    <Filter Include="MainApp\Features">
      <UniqueIdentifier>{5e7ce527-5f3d-4639-9abe-c56ac9c6f73f}</UniqueIdentifier>
    </Filter>
    <Filter Include="MainApp\Windows">
      <UniqueIdentifier>{b4121b9e-107c-474d-8bc1-6d8a8dc8be3d}</UniqueIdentifier>
    </Filter>
    <Filter Include="MainApp\Windows\Dialog">
      <UniqueIdentifier>{feceec63-fb91-4d14-9f98-11a3974a5fae}</UniqueIdentifier>
    </Filter>
  </ItemGroup>
  <ItemGroup>
    <ClCompile Include="pch.cpp">
      <Filter>Project Items</Filter>
    </ClCompile>
    <ClCompile Include="Misc\FreeGameMutex.cpp">
      <Filter>Misc</Filter>
    </ClCompile>
    <ClCompile Include="MainApp\Windows\BaseWindow.cpp">
      <Filter>MainApp\Windows</Filter>
    </ClCompile>
    <ClCompile Include="MainApp\Windows\LogWindow.cpp">
      <Filter>MainApp\Windows</Filter>
    </ClCompile>
    <ClCompile Include="Misc\Logger.cpp">
      <Filter>Misc</Filter>
    </ClCompile>
    <ClCompile Include="Misc\OpcodeGuesser.cpp">
      <Filter>Misc</Filter>
    </ClCompile>
    <ClCompile Include="MainApp\Windows\ConfigWindow.cpp">
      <Filter>MainApp\Windows</Filter>
    </ClCompile>
    <ClCompile Include="MainApp\Windows\MainWindow.cpp">
      <Filter>MainApp\Windows</Filter>
    </ClCompile>
    <ClCompile Include="Misc\Hooks.cpp">
      <Filter>Misc</Filter>
    </ClCompile>
    <ClCompile Include="Misc\DebuggerDetectionDisabler.cpp">
      <Filter>Misc</Filter>
    </ClCompile>
    <ClCompile Include="XivAlexander.cpp" />
    <ClCompile Include="ExportCompatibles.cpp" />
    <ClCompile Include="MainApp\Windows\ProgressPopupWindow.cpp">
      <Filter>MainApp\Windows</Filter>
    </ClCompile>
    <ClCompile Include="Misc\CrashMessageBoxHandler.cpp">
      <Filter>Misc</Filter>
    </ClCompile>
    <ClCompile Include="Misc\GameInstallationDetector.cpp">
      <Filter>Misc</Filter>
    </ClCompile>
    <ClCompile Include="MainApp\Windows\Dialog\FramerateLockingDialog.cpp">
      <Filter>MainApp\Windows\Dialog</Filter>
    </ClCompile>
    <ClCompile Include="Config.cpp" />
    <ClCompile Include="LoaderApp\Actions\Inject.cpp">
      <Filter>LoaderApp\Actions</Filter>
    </ClCompile>
    <ClCompile Include="LoaderApp\Actions\InstallUninstall.cpp">
      <Filter>LoaderApp\Actions</Filter>
    </ClCompile>
    <ClCompile Include="LoaderApp\Actions\Interactive.cpp">
      <Filter>LoaderApp\Actions</Filter>
    </ClCompile>
    <ClCompile Include="LoaderApp\Actions\LoadUnload.cpp">
      <Filter>LoaderApp\Actions</Filter>
    </ClCompile>
    <ClCompile Include="LoaderApp\Actions\RunLauncher.cpp">
      <Filter>LoaderApp\Actions</Filter>
    </ClCompile>
    <ClCompile Include="LoaderApp\Actions\Update.cpp">
      <Filter>LoaderApp\Actions</Filter>
    </ClCompile>
    <ClCompile Include="LoaderApp\Arguments.cpp">
      <Filter>LoaderApp</Filter>
    </ClCompile>
    <ClCompile Include="MainApp\App.cpp">
      <Filter>MainApp</Filter>
    </ClCompile>
    <ClCompile Include="MainApp\Features\AllIpcMessageLogger.cpp">
      <Filter>MainApp\Features</Filter>
    </ClCompile>
    <ClCompile Include="MainApp\Features\Modding\ResourceOverrider.cpp">
      <Filter>MainApp\Features</Filter>
    </ClCompile>
    <ClCompile Include="MainApp\Features\IpcTypeFinder.cpp">
      <Filter>MainApp\Features</Filter>
    </ClCompile>
    <ClCompile Include="MainApp\Features\MainThreadTimingHandler.cpp">
      <Filter>MainApp\Features</Filter>
    </ClCompile>
    <ClCompile Include="MainApp\Features\NetworkTimingHandler.cpp">
      <Filter>MainApp\Features</Filter>
    </ClCompile>
    <ClCompile Include="EntryPointApp\App.cpp">
      <Filter>EntryPointApp</Filter>
    </ClCompile>
    <ClCompile Include="LoaderApp\App.cpp">
      <Filter>LoaderApp</Filter>
    </ClCompile>
    <ClCompile Include="MainApp\Features\SocketHook.cpp">
      <Filter>MainApp\Features</Filter>
    </ClCompile>
    <ClCompile Include="Misc\IcmpPingTracker.cpp">
      <Filter>Misc</Filter>
    </ClCompile>
    <ClCompile Include="MainApp\Features\Modding\VirtualSqPacks.cpp">
      <Filter>MainApp\Features</Filter>
    </ClCompile>
    <ClCompile Include="MainApp\Features\PatchCode.cpp">
      <Filter>MainApp\Features</Filter>
    </ClCompile>
    <ClCompile Include="MainApp\Windows\ThemeColors.cpp">
      <Filter>MainApp\Windows</Filter>
    </ClCompile>
  </ItemGroup>
  <ItemGroup>
    <ClInclude Include="pch.h">
      <Filter>Project Items</Filter>
    </ClInclude>
    <ClInclude Include="Misc\FreeGameMutex.h">
      <Filter>Misc</Filter>
    </ClInclude>
    <ClInclude Include="MainApp\Windows\BaseWindow.h">
      <Filter>MainApp\Windows</Filter>
    </ClInclude>
    <ClInclude Include="MainApp\Windows\LogWindow.h">
      <Filter>MainApp\Windows</Filter>
    </ClInclude>
    <ClInclude Include="Misc\Logger.h">
      <Filter>Misc</Filter>
    </ClInclude>
    <ClInclude Include="Misc\OpcodeGuesser.h">
      <Filter>Misc</Filter>
    </ClInclude>
    <ClInclude Include="resource.h">
      <Filter>Resources</Filter>
    </ClInclude>
    <ClInclude Include="MainApp\Windows\ConfigWindow.h">
      <Filter>MainApp\Windows</Filter>
    </ClInclude>
    <ClInclude Include="MainApp\Windows\MainWindow.h">
      <Filter>MainApp\Windows</Filter>
    </ClInclude>
    <ClInclude Include="Misc\Hooks.h">
      <Filter>Misc</Filter>
    </ClInclude>
    <ClInclude Include="Misc\DebuggerDetectionDisabler.h">
      <Filter>Misc</Filter>
    </ClInclude>
    <ClInclude Include="MainApp\Windows\ProgressPopupWindow.h">
      <Filter>MainApp\Windows</Filter>
    </ClInclude>
    <ClInclude Include="Misc\CrashMessageBoxHandler.h">
      <Filter>Misc</Filter>
    </ClInclude>
    <ClInclude Include="Misc\GameInstallationDetector.h">
      <Filter>Misc</Filter>
    </ClInclude>
    <ClInclude Include="MainApp\Windows\Dialog\FramerateLockingDialog.h">
      <Filter>MainApp\Windows\Dialog</Filter>
    </ClInclude>
    <ClInclude Include="Config.h" />
    <ClInclude Include="LoaderApp\Actions\Inject.h">
      <Filter>LoaderApp\Actions</Filter>
    </ClInclude>
    <ClInclude Include="LoaderApp\Actions\InstallUninstall.h">
      <Filter>LoaderApp\Actions</Filter>
    </ClInclude>
    <ClInclude Include="LoaderApp\Actions\Interactive.h">
      <Filter>LoaderApp\Actions</Filter>
    </ClInclude>
    <ClInclude Include="LoaderApp\Actions\LoadUnload.h">
      <Filter>LoaderApp\Actions</Filter>
    </ClInclude>
    <ClInclude Include="LoaderApp\Actions\RunLauncher.h">
      <Filter>LoaderApp\Actions</Filter>
    </ClInclude>
    <ClInclude Include="LoaderApp\Actions\Update.h">
      <Filter>LoaderApp\Actions</Filter>
    </ClInclude>
    <ClInclude Include="LoaderApp\Arguments.h">
      <Filter>LoaderApp</Filter>
    </ClInclude>
    <ClInclude Include="EntryPointApp\x64.h">
      <Filter>EntryPointApp</Filter>
    </ClInclude>
    <ClInclude Include="EntryPointApp\x86.h">
      <Filter>EntryPointApp</Filter>
    </ClInclude>
    <ClInclude Include="XivAlexander.h" />
    <ClInclude Include="MainApp\App.h">
      <Filter>MainApp</Filter>
    </ClInclude>
    <ClInclude Include="MainApp\Features\NetworkTimingHandler.h">
      <Filter>MainApp\Features</Filter>
    </ClInclude>
    <ClInclude Include="MainApp\Features\AllIpcMessageLogger.h">
      <Filter>MainApp\Features</Filter>
    </ClInclude>
    <ClInclude Include="MainApp\Features\Modding\ResourceOverrider.h">
      <Filter>MainApp\Features</Filter>
    </ClInclude>
    <ClInclude Include="MainApp\Features\IpcTypeFinder.h">
      <Filter>MainApp\Features</Filter>
    </ClInclude>
    <ClInclude Include="MainApp\Features\MainThreadTimingHandler.h">
      <Filter>MainApp\Features</Filter>
    </ClInclude>
    <ClInclude Include="EntryPointApp\App.h">
      <Filter>EntryPointApp</Filter>
    </ClInclude>
    <ClInclude Include="LoaderApp\App.h">
      <Filter>LoaderApp</Filter>
    </ClInclude>
    <ClInclude Include="MainApp\Features\SocketHook.h">
      <Filter>MainApp\Features</Filter>
    </ClInclude>
    <ClInclude Include="Misc\IcmpPingTracker.h">
      <Filter>Misc</Filter>
    </ClInclude>
    <ClInclude Include="MainApp\Features\Modding\VirtualSqPacks.h">
      <Filter>MainApp\Features</Filter>
    </ClInclude>
    <ClInclude Include="MainApp\Features\PatchCode.h">
      <Filter>MainApp\Features</Filter>
    </ClInclude>
    <ClInclude Include="MainApp\Windows\ThemeColors.h">
      <Filter>MainApp\Windows</Filter>
    </ClInclude>
  </ItemGroup>
  <ItemGroup>
    <Image Include="..\Graphics\Icon.ico">
      <Filter>Resources</Filter>
    </Image>
  </ItemGroup>
  <ItemGroup>
    <ResourceCompile Include="XivAlexander.rc">
      <Filter>Resources</Filter>
    </ResourceCompile>
  </ItemGroup>
  <ItemGroup>
    <None Include="vcpkg.json">
      <Filter>Project Items</Filter>
    </None>
    <None Include="Exports_x64.def">
      <Filter>Project Items</Filter>
    </None>
  </ItemGroup>
  <ItemGroup>
    <Manifest Include="DummyAssemblyIdentity.manifest">
      <Filter>Resources</Filter>
    </Manifest>
  </ItemGroup>
</Project>