<?xml version="1.0" encoding="utf-8"?>
<Project ToolsVersion="4.0" xmlns="http://schemas.microsoft.com/developer/msbuild/2003">
  <ItemGroup>
    <Filter Include="Project Items">
      <UniqueIdentifier>{23099293-0584-4c64-852f-044d412606ce}</UniqueIdentifier>
    </Filter>
    <Filter Include="Resources">
      <UniqueIdentifier>{f96ebb19-9c57-4d68-8afe-d887a9e1372b}</UniqueIdentifier>
    </Filter>
    <Filter Include="Apps">
      <UniqueIdentifier>{8558bf64-2138-4a68-bf1e-d9fec57dafa5}</UniqueIdentifier>
    </Filter>
    <Filter Include="Apps\LoaderApp">
      <UniqueIdentifier>{42484399-8036-4d11-88e6-2931debcde39}</UniqueIdentifier>
    </Filter>
    <Filter Include="Apps\LoaderApp\Actions">
      <UniqueIdentifier>{9ab24cde-20cc-4271-b287-d15be9a77778}</UniqueIdentifier>
    </Filter>
    <Filter Include="Misc">
      <UniqueIdentifier>{2bf35a29-24e3-4da4-a984-7d975faff46f}</UniqueIdentifier>
    </Filter>
    <Filter Include="Apps\EntryPointApp">
      <UniqueIdentifier>{d8fcfcb9-5deb-4701-b08c-92ca88636ee6}</UniqueIdentifier>
    </Filter>
    <Filter Include="Apps\MainApp">
      <UniqueIdentifier>{ca7e3e97-d02b-44f7-bd44-d1065410a357}</UniqueIdentifier>
    </Filter>
    <Filter Include="Apps\MainApp\Internal">
      <UniqueIdentifier>{5e7ce527-5f3d-4639-9abe-c56ac9c6f73f}</UniqueIdentifier>
    </Filter>
    <Filter Include="Apps\MainApp\Window">
      <UniqueIdentifier>{b4121b9e-107c-474d-8bc1-6d8a8dc8be3d}</UniqueIdentifier>
    </Filter>
    <Filter Include="Apps\MainApp\Window\Dialog">
      <UniqueIdentifier>{feceec63-fb91-4d14-9f98-11a3974a5fae}</UniqueIdentifier>
    </Filter>
  </ItemGroup>
  <ItemGroup>
    <ClCompile Include="pch.cpp">
      <Filter>Project Items</Filter>
    </ClCompile>
    <ClCompile Include="Misc\FreeGameMutex.cpp">
      <Filter>Misc</Filter>
    </ClCompile>
    <ClCompile Include="Apps\MainApp\Window\BaseWindow.cpp">
      <Filter>Apps\MainApp\Window</Filter>
    </ClCompile>
    <ClCompile Include="Apps\MainApp\Window\LogWindow.cpp">
      <Filter>Apps\MainApp\Window</Filter>
    </ClCompile>
    <ClCompile Include="Misc\Logger.cpp">
      <Filter>Misc</Filter>
    </ClCompile>
    <ClCompile Include="Apps\MainApp\Window\ConfigWindow.cpp">
      <Filter>Apps\MainApp\Window</Filter>
    </ClCompile>
    <ClCompile Include="Apps\MainApp\Window\MainWindow.cpp">
      <Filter>Apps\MainApp\Window</Filter>
    </ClCompile>
    <ClCompile Include="Misc\Hooks.cpp">
      <Filter>Misc</Filter>
    </ClCompile>
    <ClCompile Include="Misc\Signatures.cpp">
      <Filter>Misc</Filter>
    </ClCompile>
    <ClCompile Include="Misc\DebuggerDetectionDisabler.cpp">
      <Filter>Misc</Filter>
    </ClCompile>
    <ClCompile Include="XivAlexander.cpp" />
    <ClCompile Include="ExportCompatibles.cpp" />
    <ClCompile Include="Apps\MainApp\Window\ProgressPopupWindow.cpp">
      <Filter>Apps\MainApp\Window</Filter>
    </ClCompile>
    <ClCompile Include="Misc\ExcelTransformConfig.cpp">
      <Filter>Misc</Filter>
    </ClCompile>
    <ClCompile Include="Misc\CrashMessageBoxHandler.cpp">
      <Filter>Misc</Filter>
    </ClCompile>
    <ClCompile Include="Misc\GameInstallationDetector.cpp">
      <Filter>Misc</Filter>
    </ClCompile>
    <ClCompile Include="Apps\MainApp\Window\Dialog\FramerateLockingDialog.cpp">
      <Filter>Apps\MainApp\Window\Dialog</Filter>
    </ClCompile>
    <ClCompile Include="Config.cpp" />
    <ClCompile Include="Apps\LoaderApp\Actions\Inject.cpp">
      <Filter>Apps\LoaderApp\Actions</Filter>
    </ClCompile>
    <ClCompile Include="Apps\LoaderApp\Actions\InstallUninstall.cpp">
      <Filter>Apps\LoaderApp\Actions</Filter>
    </ClCompile>
    <ClCompile Include="Apps\LoaderApp\Actions\Interactive.cpp">
      <Filter>Apps\LoaderApp\Actions</Filter>
    </ClCompile>
    <ClCompile Include="Apps\LoaderApp\Actions\LoadUnload.cpp">
      <Filter>Apps\LoaderApp\Actions</Filter>
    </ClCompile>
    <ClCompile Include="Apps\LoaderApp\Actions\RunLauncher.cpp">
      <Filter>Apps\LoaderApp\Actions</Filter>
    </ClCompile>
    <ClCompile Include="Apps\LoaderApp\Actions\Update.cpp">
      <Filter>Apps\LoaderApp\Actions</Filter>
    </ClCompile>
    <ClCompile Include="Apps\LoaderApp\Arguments.cpp">
      <Filter>Apps\LoaderApp</Filter>
    </ClCompile>
    <ClCompile Include="Apps\MainApp\App.cpp">
      <Filter>Apps\MainApp</Filter>
    </ClCompile>
    <ClCompile Include="Apps\MainApp\Internal\AllIpcMessageLogger.cpp">
      <Filter>Apps\MainApp\Internal</Filter>
    </ClCompile>
    <ClCompile Include="Apps\MainApp\Internal\GameResourceOverrider.cpp">
      <Filter>Apps\MainApp\Internal</Filter>
    </ClCompile>
    <ClCompile Include="Apps\MainApp\Internal\IpcTypeFinder.cpp">
      <Filter>Apps\MainApp\Internal</Filter>
    </ClCompile>
    <ClCompile Include="Apps\MainApp\Internal\MainThreadTimingHandler.cpp">
      <Filter>Apps\MainApp\Internal</Filter>
    </ClCompile>
    <ClCompile Include="Apps\MainApp\Internal\NetworkTimingHandler.cpp">
      <Filter>Apps\MainApp\Internal</Filter>
    </ClCompile>
    <ClCompile Include="Apps\EntryPointApp\App.cpp">
      <Filter>Apps\EntryPointApp</Filter>
    </ClCompile>
    <ClCompile Include="Apps\LoaderApp\App.cpp">
      <Filter>Apps\LoaderApp</Filter>
    </ClCompile>
    <ClCompile Include="Apps\MainApp\Internal\SocketHook.cpp">
      <Filter>Apps\MainApp\Internal</Filter>
    </ClCompile>
    <ClCompile Include="Misc\IcmpPingTracker.cpp">
      <Filter>Misc</Filter>
    </ClCompile>
    <ClCompile Include="Apps\MainApp\Internal\VirtualSqPacks.cpp">
      <Filter>Apps\MainApp\Internal</Filter>
    </ClCompile>
  </ItemGroup>
  <ItemGroup>
    <ClInclude Include="pch.h">
      <Filter>Project Items</Filter>
    </ClInclude>
    <ClInclude Include="Misc\FreeGameMutex.h">
      <Filter>Misc</Filter>
    </ClInclude>
    <ClInclude Include="Apps\MainApp\Window\BaseWindow.h">
      <Filter>Apps\MainApp\Window</Filter>
    </ClInclude>
    <ClInclude Include="Apps\MainApp\Window\LogWindow.h">
      <Filter>Apps\MainApp\Window</Filter>
    </ClInclude>
    <ClInclude Include="Misc\Logger.h">
      <Filter>Misc</Filter>
    </ClInclude>
    <ClInclude Include="resource.h">
      <Filter>Resources</Filter>
    </ClInclude>
    <ClInclude Include="Apps\MainApp\Window\ConfigWindow.h">
      <Filter>Apps\MainApp\Window</Filter>
    </ClInclude>
    <ClInclude Include="Apps\MainApp\Window\MainWindow.h">
      <Filter>Apps\MainApp\Window</Filter>
    </ClInclude>
    <ClInclude Include="Misc\Hooks.h">
      <Filter>Misc</Filter>
    </ClInclude>
    <ClInclude Include="Misc\Signatures.h">
      <Filter>Misc</Filter>
    </ClInclude>
    <ClInclude Include="Misc\DebuggerDetectionDisabler.h">
      <Filter>Misc</Filter>
    </ClInclude>
    <ClInclude Include="Apps\MainApp\Window\ProgressPopupWindow.h">
      <Filter>Apps\MainApp\Window</Filter>
    </ClInclude>
    <ClInclude Include="Misc\ExcelTransformConfig.h">
      <Filter>Misc</Filter>
    </ClInclude>
    <ClInclude Include="Misc\CrashMessageBoxHandler.h">
      <Filter>Misc</Filter>
    </ClInclude>
    <ClInclude Include="Misc\GameInstallationDetector.h">
      <Filter>Misc</Filter>
    </ClInclude>
    <ClInclude Include="Apps\MainApp\Window\Dialog\FramerateLockingDialog.h">
      <Filter>Apps\MainApp\Window\Dialog</Filter>
    </ClInclude>
    <ClInclude Include="Config.h" />
    <ClInclude Include="Apps\LoaderApp\Actions\Inject.h">
      <Filter>Apps\LoaderApp\Actions</Filter>
    </ClInclude>
    <ClInclude Include="Apps\LoaderApp\Actions\InstallUninstall.h">
      <Filter>Apps\LoaderApp\Actions</Filter>
    </ClInclude>
    <ClInclude Include="Apps\LoaderApp\Actions\Interactive.h">
      <Filter>Apps\LoaderApp\Actions</Filter>
    </ClInclude>
    <ClInclude Include="Apps\LoaderApp\Actions\LoadUnload.h">
      <Filter>Apps\LoaderApp\Actions</Filter>
    </ClInclude>
    <ClInclude Include="Apps\LoaderApp\Actions\RunLauncher.h">
      <Filter>Apps\LoaderApp\Actions</Filter>
    </ClInclude>
    <ClInclude Include="Apps\LoaderApp\Actions\Update.h">
      <Filter>Apps\LoaderApp\Actions</Filter>
    </ClInclude>
    <ClInclude Include="Apps\LoaderApp\Arguments.h">
      <Filter>Apps\LoaderApp</Filter>
    </ClInclude>
    <ClInclude Include="Apps\EntryPointApp\x64.h">
      <Filter>Apps\EntryPointApp</Filter>
    </ClInclude>
    <ClInclude Include="Apps\EntryPointApp\x86.h">
      <Filter>Apps\EntryPointApp</Filter>
    </ClInclude>
    <ClInclude Include="XivAlexander.h" />
    <ClInclude Include="Apps\MainApp\App.h">
      <Filter>Apps\MainApp</Filter>
    </ClInclude>
    <ClInclude Include="Apps\MainApp\Internal\NetworkTimingHandler.h">
      <Filter>Apps\MainApp\Internal</Filter>
    </ClInclude>
    <ClInclude Include="Apps\MainApp\Internal\AllIpcMessageLogger.h">
      <Filter>Apps\MainApp\Internal</Filter>
    </ClInclude>
    <ClInclude Include="Apps\MainApp\Internal\GameResourceOverrider.h">
      <Filter>Apps\MainApp\Internal</Filter>
    </ClInclude>
    <ClInclude Include="Apps\MainApp\Internal\IpcTypeFinder.h">
      <Filter>Apps\MainApp\Internal</Filter>
    </ClInclude>
    <ClInclude Include="Apps\MainApp\Internal\MainThreadTimingHandler.h">
      <Filter>Apps\MainApp\Internal</Filter>
    </ClInclude>
    <ClInclude Include="Apps\EntryPointApp\App.h">
      <Filter>Apps\EntryPointApp</Filter>
    </ClInclude>
    <ClInclude Include="Apps\LoaderApp\App.h">
      <Filter>Apps\LoaderApp</Filter>
    </ClInclude>
    <ClInclude Include="Apps\MainApp\Internal\SocketHook.h">
      <Filter>Apps\MainApp\Internal</Filter>
    </ClInclude>
    <ClInclude Include="Misc\IcmpPingTracker.h">
      <Filter>Misc</Filter>
    </ClInclude>
    <ClInclude Include="Apps\MainApp\Internal\VirtualSqPacks.h">
      <Filter>Apps\MainApp\Internal</Filter>
    </ClInclude>
  </ItemGroup>
  <ItemGroup>
    <Image Include="..\Graphics\Icon.ico">
      <Filter>Resources</Filter>
    </Image>
  </ItemGroup>
  <ItemGroup>
    <ResourceCompile Include="XivAlexander.rc">
      <Filter>Resources</Filter>
    </ResourceCompile>
  </ItemGroup>
  <ItemGroup>
    <None Include="vcpkg.json">
      <Filter>Project Items</Filter>
    </None>
    <None Include="Exports_x86.def">
      <Filter>Project Items</Filter>
    </None>
    <None Include="Exports_x64.def">
      <Filter>Project Items</Filter>
    </None>
  </ItemGroup>
  <ItemGroup>
    <Manifest Include="DummyAssemblyIdentity.manifest">
      <Filter>Resources</Filter>
    </Manifest>
  </ItemGroup>
</Project>