<?xml version="1.0" encoding="utf-8"?>
<Project ToolsVersion="4.0" xmlns="http://schemas.microsoft.com/developer/msbuild/2003">
  <ItemGroup>
    <Filter Include="Project Items">
      <UniqueIdentifier>{23099293-0584-4c64-852f-044d412606ce}</UniqueIdentifier>
    </Filter>
    <Filter Include="Resources">
      <UniqueIdentifier>{f96ebb19-9c57-4d68-8afe-d887a9e1372b}</UniqueIdentifier>
    </Filter>
    <Filter Include="App">
      <UniqueIdentifier>{23a8c836-27cd-4064-bd7a-0b8a0753e135}</UniqueIdentifier>
    </Filter>
    <Filter Include="App\Window">
      <UniqueIdentifier>{b4121b9e-107c-474d-8bc1-6d8a8dc8be3d}</UniqueIdentifier>
    </Filter>
    <Filter Include="App\Network">
      <UniqueIdentifier>{ea7dc46e-d6ee-4afb-85e4-e9876d9814b1}</UniqueIdentifier>
    </Filter>
    <Filter Include="App\Misc">
      <UniqueIdentifier>{2bf35a29-24e3-4da4-a984-7d975faff46f}</UniqueIdentifier>
    </Filter>
    <Filter Include="App\Feature">
      <UniqueIdentifier>{ca7e3e97-d02b-44f7-bd44-d1065410a357}</UniqueIdentifier>
    </Filter>
    <Filter Include="App\Apps">
      <UniqueIdentifier>{8558bf64-2138-4a68-bf1e-d9fec57dafa5}</UniqueIdentifier>
    </Filter>
    <Filter Include="Exported">
      <UniqueIdentifier>{63c1eeff-8175-4675-b10d-e45dd16885bb}</UniqueIdentifier>
    </Filter>
  </ItemGroup>
  <ItemGroup>
    <ClCompile Include="pch.cpp">
      <Filter>Project Items</Filter>
    </ClCompile>
    <ClCompile Include="App_Network_SocketHook.cpp">
      <Filter>App\Network</Filter>
    </ClCompile>
    <ClCompile Include="App_Network_Structures.cpp">
      <Filter>App\Network</Filter>
    </ClCompile>
    <ClCompile Include="App_Misc_FreeGameMutex.cpp">
      <Filter>App\Misc</Filter>
    </ClCompile>
    <ClCompile Include="App_Feature_AnimationLockLatencyHandler.cpp">
      <Filter>App\Feature</Filter>
    </ClCompile>
    <ClCompile Include="App_Window_BaseWindow.cpp">
      <Filter>App\Window</Filter>
    </ClCompile>
    <ClCompile Include="App_Window_LogWindow.cpp">
      <Filter>App\Window</Filter>
    </ClCompile>
    <ClCompile Include="App_Misc_Logger.cpp">
      <Filter>App\Misc</Filter>
    </ClCompile>
    <ClCompile Include="App_Feature_IpcTypeFinder.cpp">
      <Filter>App\Feature</Filter>
    </ClCompile>
    <ClCompile Include="App_Window_ConfigWindow.cpp">
      <Filter>App\Window</Filter>
    </ClCompile>
    <ClCompile Include="App_Feature_EffectApplicationDelayLogger.cpp">
      <Filter>App\Feature</Filter>
    </ClCompile>
    <ClCompile Include="App_Window_MainWindow.cpp">
      <Filter>App\Window</Filter>
    </ClCompile>
    <ClCompile Include="App_Feature_AllIpcMessageLogger.cpp">
      <Filter>App\Feature</Filter>
    </ClCompile>
    <ClCompile Include="App_ConfigRepository.cpp">
      <Filter>App</Filter>
    </ClCompile>
    <ClCompile Include="App_Network_IcmpPingTracker.cpp">
      <Filter>App\Network</Filter>
    </ClCompile>
    <ClCompile Include="App_Misc_Hooks.cpp">
      <Filter>App\Misc</Filter>
    </ClCompile>
    <ClCompile Include="App_Misc_Signatures.cpp">
      <Filter>App\Misc</Filter>
    </ClCompile>
    <ClCompile Include="App_XivAlexApp.cpp">
      <Filter>App\Apps</Filter>
    </ClCompile>
    <ClCompile Include="App_Misc_DebuggerDetectionDisabler.cpp">
      <Filter>App\Misc</Filter>
    </ClCompile>
    <ClCompile Include="App_InjectOnCreateProcessApp.cpp">
      <Filter>App\Apps</Filter>
    </ClCompile>
    <ClCompile Include="DllMain.cpp" />
    <ClCompile Include="AutoLoadAsDependencyModule.cpp" />
    <ClCompile Include="App_Feature_GameResourceOverrider.cpp">
      <Filter>App\Feature</Filter>
    </ClCompile>
    <ClCompile Include="App_Loader.cpp">
      <Filter>App\Apps</Filter>
    </ClCompile>
    <ClCompile Include="App_Window_ProgressPopupWindow.cpp">
      <Filter>App\Window</Filter>
    </ClCompile>
  </ItemGroup>
  <ItemGroup>
    <ClInclude Include="pch.h">
      <Filter>Project Items</Filter>
    </ClInclude>
    <ClInclude Include="App_Network_SocketHook.h">
      <Filter>App\Network</Filter>
    </ClInclude>
    <ClInclude Include="App_Network_Structures.h">
      <Filter>App\Network</Filter>
    </ClInclude>
    <ClInclude Include="App_Misc_FreeGameMutex.h">
      <Filter>App\Misc</Filter>
    </ClInclude>
    <ClInclude Include="App_Feature_AnimationLockLatencyHandler.h">
      <Filter>App\Feature</Filter>
    </ClInclude>
    <ClInclude Include="App_Window_BaseWindow.h">
      <Filter>App\Window</Filter>
    </ClInclude>
    <ClInclude Include="App_Window_LogWindow.h">
      <Filter>App\Window</Filter>
    </ClInclude>
    <ClInclude Include="App_Misc_Logger.h">
      <Filter>App\Misc</Filter>
    </ClInclude>
    <ClInclude Include="App_Feature_IpcTypeFinder.h">
      <Filter>App\Feature</Filter>
    </ClInclude>
    <ClInclude Include="resource.h">
      <Filter>Resources</Filter>
    </ClInclude>
    <ClInclude Include="App_Window_ConfigWindow.h">
      <Filter>App\Window</Filter>
    </ClInclude>
    <ClInclude Include="App_Feature_EffectApplicationDelayLogger.h">
      <Filter>App\Feature</Filter>
    </ClInclude>
    <ClInclude Include="App_Window_MainWindow.h">
      <Filter>App\Window</Filter>
    </ClInclude>
    <ClInclude Include="App_Feature_AllIpcMessageLogger.h">
      <Filter>App\Feature</Filter>
    </ClInclude>
    <ClInclude Include="App_ConfigRepository.h">
      <Filter>App</Filter>
    </ClInclude>
    <ClInclude Include="App_Network_IcmpPingTracker.h">
      <Filter>App\Network</Filter>
    </ClInclude>
    <ClInclude Include="App_Misc_Hooks.h">
      <Filter>App\Misc</Filter>
    </ClInclude>
    <ClInclude Include="App_Misc_Signatures.h">
      <Filter>App\Misc</Filter>
    </ClInclude>
    <ClInclude Include="App_XivAlexApp.h">
      <Filter>App\Apps</Filter>
    </ClInclude>
    <ClInclude Include="App_Misc_DebuggerDetectionDisabler.h">
      <Filter>App\Misc</Filter>
    </ClInclude>
    <ClInclude Include="App_InjectOnCreateProcessApp.h">
      <Filter>App\Apps</Filter>
    </ClInclude>
    <ClInclude Include="App_InjectOnCreateProcessApp_x64.h">
      <Filter>App\Apps</Filter>
    </ClInclude>
    <ClInclude Include="App_InjectOnCreateProcessApp_x86.h">
      <Filter>App\Apps</Filter>
    </ClInclude>
    <ClInclude Include="DllMain.h" />
    <ClInclude Include="resource_ko.h">
      <Filter>Resources</Filter>
    </ClInclude>
    <ClInclude Include="resource_ja.h">
      <Filter>Resources</Filter>
    </ClInclude>
    <ClInclude Include="includes\XivAlexander\XivAlexander.h">
      <Filter>Exported</Filter>
    </ClInclude>
    <ClInclude Include="App_Feature_GameResourceOverrider.h">
      <Filter>App\Feature</Filter>
    </ClInclude>
    <ClInclude Include="App_Window_ProgressPopupWindow.h">
      <Filter>App\Window</Filter>
    </ClInclude>
  </ItemGroup>
  <ItemGroup>
    <Image Include="..\Graphics\Icon.ico">
      <Filter>Resources</Filter>
    </Image>
  </ItemGroup>
  <ItemGroup>
    <ResourceCompile Include="XivAlexander.rc">
      <Filter>Resources</Filter>
    </ResourceCompile>
    <ResourceCompile Include="XivAlexander_ko.rc">
      <Filter>Resources</Filter>
    </ResourceCompile>
    <ResourceCompile Include="XivAlexander_ja.rc">
      <Filter>Resources</Filter>
    </ResourceCompile>
  </ItemGroup>
  <ItemGroup>
    <None Include="vcpkg.json">
      <Filter>Project Items</Filter>
    </None>
    <None Include="Exports_x86.def">
      <Filter>Project Items</Filter>
    </None>
    <None Include="Exports_x64.def">
      <Filter>Project Items</Filter>
    </None>
  </ItemGroup>
  <ItemGroup>
    <Manifest Include="DummyAssemblyIdentity.manifest">
      <Filter>Resources</Filter>
    </Manifest>
  </ItemGroup>
</Project>